// !$*UTF8*$!
{
	archiveVersion = 1;
	classes = {
	};
	objectVersion = 51;
	objects = {

/* Begin PBXBuildFile section */
		3B0B533523A2AB6600B64EB6 /* SupportedDocumentsViewController.swift in Sources */ = {isa = PBXBuildFile; fileRef = 3B0B533423A2AB6600B64EB6 /* SupportedDocumentsViewController.swift */; };
		3B0B533B23A2B6FA00B64EB6 /* CardDetailsTableViewController.swift in Sources */ = {isa = PBXBuildFile; fileRef = 3B0B533A23A2B6FA00B64EB6 /* CardDetailsTableViewController.swift */; };
		3B0B533D23A2B80D00B64EB6 /* ImageTableViewCell.swift in Sources */ = {isa = PBXBuildFile; fileRef = 3B0B533C23A2B80D00B64EB6 /* ImageTableViewCell.swift */; };
		3B3196CD23AB86FF009B8564 /* BarcodeScan.swift in Sources */ = {isa = PBXBuildFile; fileRef = 3B3196CC23AB86FF009B8564 /* BarcodeScan.swift */; };
		3B3FF93123A15E7700156A59 /* AppDelegate.swift in Sources */ = {isa = PBXBuildFile; fileRef = 3B3FF93023A15E7700156A59 /* AppDelegate.swift */; };
		3B3FF93523A15E7700156A59 /* ViewController.swift in Sources */ = {isa = PBXBuildFile; fileRef = 3B3FF93423A15E7700156A59 /* ViewController.swift */; };
		3B3FF93A23A15E7A00156A59 /* Assets.xcassets in Resources */ = {isa = PBXBuildFile; fileRef = 3B3FF93923A15E7A00156A59 /* Assets.xcassets */; };
		3B3FF9C923A24BA300156A59 /* LaunchScreen.storyboard in Resources */ = {isa = PBXBuildFile; fileRef = 3B3FF9C223A24BA300156A59 /* LaunchScreen.storyboard */; };
		3B3FF9CA23A24BA300156A59 /* ResultsViewController.swift in Sources */ = {isa = PBXBuildFile; fileRef = 3B3FF9C323A24BA300156A59 /* ResultsViewController.swift */; };
		3B3FF9CB23A24BA300156A59 /* ScoreTableViewController.swift in Sources */ = {isa = PBXBuildFile; fileRef = 3B3FF9C423A24BA300156A59 /* ScoreTableViewController.swift */; };
		3B3FF9CC23A24BA300156A59 /* SimiarityDial.swift in Sources */ = {isa = PBXBuildFile; fileRef = 3B3FF9C523A24BA300156A59 /* SimiarityDial.swift */; };
		3B3FF9CF23A24BA300156A59 /* Main.storyboard in Resources */ = {isa = PBXBuildFile; fileRef = 3B3FF9C823A24BA300156A59 /* Main.storyboard */; };
		3B3FF9D123A24F3600156A59 /* SettingsViewController.swift in Sources */ = {isa = PBXBuildFile; fileRef = 3B3FF9D023A24F3600156A59 /* SettingsViewController.swift */; };
		3B3FF9D323A250F100156A59 /* CardViewController.swift in Sources */ = {isa = PBXBuildFile; fileRef = 3B3FF9D223A250F100156A59 /* CardViewController.swift */; };
		3B5C14EC23A958250000D252 /* Gamma.swift in Sources */ = {isa = PBXBuildFile; fileRef = 3B5C14E823A9573B0000D252 /* Gamma.swift */; };
		3B5C14ED23A958250000D252 /* Erf.swift in Sources */ = {isa = PBXBuildFile; fileRef = 3B5C14E923A9573B0000D252 /* Erf.swift */; };
		3B5C14EE23A958250000D252 /* ContinuedFraction.swift in Sources */ = {isa = PBXBuildFile; fileRef = 3B5C14EA23A9573B0000D252 /* ContinuedFraction.swift */; };
		3B5C14EF23A958250000D252 /* NormalDistribution.swift in Sources */ = {isa = PBXBuildFile; fileRef = 3B5C14EB23A9573B0000D252 /* NormalDistribution.swift */; };
		3BDCDCCB23AD71B000EA6123 /* MicroblinkDocumentData.swift in Sources */ = {isa = PBXBuildFile; fileRef = 3BDCDCCA23AD71B000EA6123 /* MicroblinkDocumentData.swift */; };
		6C128773EA5E3E6BF2E68C57 /* Pods_ID_Capture.framework in Frameworks */ = {isa = PBXBuildFile; fileRef = 419180C6135555744CF4A99A /* Pods_ID_Capture.framework */; };
/* End PBXBuildFile section */

/* Begin PBXCopyFilesBuildPhase section */
		3B3FF95823A1682B00156A59 /* Embed Frameworks */ = {
			isa = PBXCopyFilesBuildPhase;
			buildActionMask = 2147483647;
			dstPath = "";
			dstSubfolderSpec = 10;
			files = (
			);
			name = "Embed Frameworks";
			runOnlyForDeploymentPostprocessing = 0;
		};
/* End PBXCopyFilesBuildPhase section */

/* Begin PBXFileReference section */
		3B0B533423A2AB6600B64EB6 /* SupportedDocumentsViewController.swift */ = {isa = PBXFileReference; lastKnownFileType = sourcecode.swift; path = SupportedDocumentsViewController.swift; sourceTree = "<group>"; };
		3B0B533A23A2B6FA00B64EB6 /* CardDetailsTableViewController.swift */ = {isa = PBXFileReference; lastKnownFileType = sourcecode.swift; path = CardDetailsTableViewController.swift; sourceTree = "<group>"; };
		3B0B533C23A2B80D00B64EB6 /* ImageTableViewCell.swift */ = {isa = PBXFileReference; lastKnownFileType = sourcecode.swift; path = ImageTableViewCell.swift; sourceTree = "<group>"; };
		3B3196CC23AB86FF009B8564 /* BarcodeScan.swift */ = {isa = PBXFileReference; lastKnownFileType = sourcecode.swift; path = BarcodeScan.swift; sourceTree = "<group>"; };
		3B3FF92D23A15E7700156A59 /* ID Capture.app */ = {isa = PBXFileReference; explicitFileType = wrapper.application; includeInIndex = 0; path = "ID Capture.app"; sourceTree = BUILT_PRODUCTS_DIR; };
		3B3FF93023A15E7700156A59 /* AppDelegate.swift */ = {isa = PBXFileReference; lastKnownFileType = sourcecode.swift; path = AppDelegate.swift; sourceTree = "<group>"; };
		3B3FF93423A15E7700156A59 /* ViewController.swift */ = {isa = PBXFileReference; lastKnownFileType = sourcecode.swift; path = ViewController.swift; sourceTree = "<group>"; };
		3B3FF93723A15E7700156A59 /* Base */ = {isa = PBXFileReference; lastKnownFileType = file.storyboard; name = Base; path = Base.lproj/Main.storyboard; sourceTree = "<group>"; };
		3B3FF93923A15E7A00156A59 /* Assets.xcassets */ = {isa = PBXFileReference; lastKnownFileType = folder.assetcatalog; path = Assets.xcassets; sourceTree = "<group>"; };
		3B3FF93C23A15E7A00156A59 /* Base */ = {isa = PBXFileReference; lastKnownFileType = file.storyboard; name = Base; path = Base.lproj/LaunchScreen.storyboard; sourceTree = "<group>"; };
		3B3FF93E23A15E7A00156A59 /* Info.plist */ = {isa = PBXFileReference; lastKnownFileType = text.plist.xml; path = Info.plist; sourceTree = "<group>"; };
		3B3FF94623A15EDB00156A59 /* Podfile */ = {isa = PBXFileReference; lastKnownFileType = text; path = Podfile; sourceTree = "<group>"; xcLanguageSpecificationIdentifier = xcode.lang.ruby; };
		3B3FF9C223A24BA300156A59 /* LaunchScreen.storyboard */ = {isa = PBXFileReference; fileEncoding = 4; lastKnownFileType = file.storyboard; path = LaunchScreen.storyboard; sourceTree = "<group>"; };
		3B3FF9C323A24BA300156A59 /* ResultsViewController.swift */ = {isa = PBXFileReference; fileEncoding = 4; lastKnownFileType = sourcecode.swift; path = ResultsViewController.swift; sourceTree = "<group>"; };
		3B3FF9C423A24BA300156A59 /* ScoreTableViewController.swift */ = {isa = PBXFileReference; fileEncoding = 4; lastKnownFileType = sourcecode.swift; path = ScoreTableViewController.swift; sourceTree = "<group>"; };
		3B3FF9C523A24BA300156A59 /* SimiarityDial.swift */ = {isa = PBXFileReference; fileEncoding = 4; lastKnownFileType = sourcecode.swift; path = SimiarityDial.swift; sourceTree = "<group>"; };
		3B3FF9C823A24BA300156A59 /* Main.storyboard */ = {isa = PBXFileReference; fileEncoding = 4; lastKnownFileType = file.storyboard; path = Main.storyboard; sourceTree = "<group>"; };
		3B3FF9D023A24F3600156A59 /* SettingsViewController.swift */ = {isa = PBXFileReference; lastKnownFileType = sourcecode.swift; path = SettingsViewController.swift; sourceTree = "<group>"; };
		3B3FF9D223A250F100156A59 /* CardViewController.swift */ = {isa = PBXFileReference; fileEncoding = 4; lastKnownFileType = sourcecode.swift; path = CardViewController.swift; sourceTree = "<group>"; };
		3B5C14E823A9573B0000D252 /* Gamma.swift */ = {isa = PBXFileReference; lastKnownFileType = sourcecode.swift; path = Gamma.swift; sourceTree = "<group>"; };
		3B5C14E923A9573B0000D252 /* Erf.swift */ = {isa = PBXFileReference; lastKnownFileType = sourcecode.swift; path = Erf.swift; sourceTree = "<group>"; };
		3B5C14EA23A9573B0000D252 /* ContinuedFraction.swift */ = {isa = PBXFileReference; lastKnownFileType = sourcecode.swift; path = ContinuedFraction.swift; sourceTree = "<group>"; };
		3B5C14EB23A9573B0000D252 /* NormalDistribution.swift */ = {isa = PBXFileReference; lastKnownFileType = sourcecode.swift; path = NormalDistribution.swift; sourceTree = "<group>"; };
		3BDCDCCA23AD71B000EA6123 /* MicroblinkDocumentData.swift */ = {isa = PBXFileReference; fileEncoding = 4; lastKnownFileType = sourcecode.swift; path = MicroblinkDocumentData.swift; sourceTree = "<group>"; };
		419180C6135555744CF4A99A /* Pods_ID_Capture.framework */ = {isa = PBXFileReference; explicitFileType = wrapper.framework; includeInIndex = 0; path = Pods_ID_Capture.framework; sourceTree = BUILT_PRODUCTS_DIR; };
		638E7A67289A680519B46277 /* Pods-ID Capture.release.xcconfig */ = {isa = PBXFileReference; includeInIndex = 1; lastKnownFileType = text.xcconfig; name = "Pods-ID Capture.release.xcconfig"; path = "Target Support Files/Pods-ID Capture/Pods-ID Capture.release.xcconfig"; sourceTree = "<group>"; };
		FF4DD71811035F32DE6E594B /* Pods-ID Capture.debug.xcconfig */ = {isa = PBXFileReference; includeInIndex = 1; lastKnownFileType = text.xcconfig; name = "Pods-ID Capture.debug.xcconfig"; path = "Target Support Files/Pods-ID Capture/Pods-ID Capture.debug.xcconfig"; sourceTree = "<group>"; };
/* End PBXFileReference section */

/* Begin PBXFrameworksBuildPhase section */
		3B3FF92A23A15E7700156A59 /* Frameworks */ = {
			isa = PBXFrameworksBuildPhase;
			buildActionMask = 2147483647;
			files = (
				6C128773EA5E3E6BF2E68C57 /* Pods_ID_Capture.framework in Frameworks */,
			);
			runOnlyForDeploymentPostprocessing = 0;
		};
/* End PBXFrameworksBuildPhase section */

/* Begin PBXGroup section */
		13CA53EBA6FF8E1A79E1A525 /* Pods */ = {
			isa = PBXGroup;
			children = (
				FF4DD71811035F32DE6E594B /* Pods-ID Capture.debug.xcconfig */,
				638E7A67289A680519B46277 /* Pods-ID Capture.release.xcconfig */,
			);
			path = Pods;
			sourceTree = "<group>";
		};
		3B3FF92423A15E7700156A59 = {
			isa = PBXGroup;
			children = (
				3B3FF94623A15EDB00156A59 /* Podfile */,
				3B3FF92F23A15E7700156A59 /* ID Capture */,
				3B3FF92E23A15E7700156A59 /* Products */,
				13CA53EBA6FF8E1A79E1A525 /* Pods */,
				8A92B8622725B058A9344374 /* Frameworks */,
			);
			sourceTree = "<group>";
		};
		3B3FF92E23A15E7700156A59 /* Products */ = {
			isa = PBXGroup;
			children = (
				3B3FF92D23A15E7700156A59 /* ID Capture.app */,
			);
			name = Products;
			sourceTree = "<group>";
		};
		3B3FF92F23A15E7700156A59 /* ID Capture */ = {
			isa = PBXGroup;
			children = (
				3BDCDCCA23AD71B000EA6123 /* MicroblinkDocumentData.swift */,
				3B3FF9D223A250F100156A59 /* CardViewController.swift */,
				3B3FF9C223A24BA300156A59 /* LaunchScreen.storyboard */,
				3B3FF9C823A24BA300156A59 /* Main.storyboard */,
				3B3FF9C323A24BA300156A59 /* ResultsViewController.swift */,
				3B3FF9C423A24BA300156A59 /* ScoreTableViewController.swift */,
				3B3FF9C523A24BA300156A59 /* SimiarityDial.swift */,
				3B3FF93023A15E7700156A59 /* AppDelegate.swift */,
				3B3FF93423A15E7700156A59 /* ViewController.swift */,
				3B3FF93623A15E7700156A59 /* Main.storyboard */,
				3B3FF93923A15E7A00156A59 /* Assets.xcassets */,
				3B3FF93B23A15E7A00156A59 /* LaunchScreen.storyboard */,
				3B3FF93E23A15E7A00156A59 /* Info.plist */,
				3B3FF9D023A24F3600156A59 /* SettingsViewController.swift */,
				3B0B533423A2AB6600B64EB6 /* SupportedDocumentsViewController.swift */,
				3B0B533A23A2B6FA00B64EB6 /* CardDetailsTableViewController.swift */,
				3B0B533C23A2B80D00B64EB6 /* ImageTableViewCell.swift */,
				3B5C14E723A9573B0000D252 /* math */,
				3B3196CC23AB86FF009B8564 /* BarcodeScan.swift */,
			);
			path = "ID Capture";
			sourceTree = "<group>";
		};
		3B5C14E723A9573B0000D252 /* math */ = {
			isa = PBXGroup;
			children = (
				3B5C14E823A9573B0000D252 /* Gamma.swift */,
				3B5C14E923A9573B0000D252 /* Erf.swift */,
				3B5C14EA23A9573B0000D252 /* ContinuedFraction.swift */,
				3B5C14EB23A9573B0000D252 /* NormalDistribution.swift */,
			);
			path = math;
			sourceTree = "<group>";
		};
		8A92B8622725B058A9344374 /* Frameworks */ = {
			isa = PBXGroup;
			children = (
				419180C6135555744CF4A99A /* Pods_ID_Capture.framework */,
			);
			name = Frameworks;
			sourceTree = "<group>";
		};
/* End PBXGroup section */

/* Begin PBXNativeTarget section */
		3B3FF92C23A15E7700156A59 /* ID Capture */ = {
			isa = PBXNativeTarget;
			buildConfigurationList = 3B3FF94123A15E7A00156A59 /* Build configuration list for PBXNativeTarget "ID Capture" */;
			buildPhases = (
				7EFF059D37CBACF9CA4DF152 /* [CP] Check Pods Manifest.lock */,
				3B3FF92923A15E7700156A59 /* Sources */,
				3B3FF92A23A15E7700156A59 /* Frameworks */,
				3B3FF92B23A15E7700156A59 /* Resources */,
				64DCFAEE176B8F7F45AA72F7 /* [CP] Embed Pods Frameworks */,
				821B16792C7B878D31C41327 /* [CP] Copy Pods Resources */,
				3B3FF95823A1682B00156A59 /* Embed Frameworks */,
			);
			buildRules = (
			);
			dependencies = (
			);
			name = "ID Capture";
			productName = "ID Capture";
			productReference = 3B3FF92D23A15E7700156A59 /* ID Capture.app */;
			productType = "com.apple.product-type.application";
		};
/* End PBXNativeTarget section */

/* Begin PBXProject section */
		3B3FF92523A15E7700156A59 /* Project object */ = {
			isa = PBXProject;
			attributes = {
				LastSwiftUpdateCheck = 1130;
				LastUpgradeCheck = 1130;
				ORGANIZATIONNAME = "Applied Recognition Inc.";
				TargetAttributes = {
					3B3FF92C23A15E7700156A59 = {
						CreatedOnToolsVersion = 11.3;
					};
				};
			};
			buildConfigurationList = 3B3FF92823A15E7700156A59 /* Build configuration list for PBXProject "ID Capture" */;
			compatibilityVersion = "Xcode 9.3";
			developmentRegion = en;
			hasScannedForEncodings = 0;
			knownRegions = (
				en,
				Base,
			);
			mainGroup = 3B3FF92423A15E7700156A59;
			productRefGroup = 3B3FF92E23A15E7700156A59 /* Products */;
			projectDirPath = "";
			projectRoot = "";
			targets = (
				3B3FF92C23A15E7700156A59 /* ID Capture */,
			);
		};
/* End PBXProject section */

/* Begin PBXResourcesBuildPhase section */
		3B3FF92B23A15E7700156A59 /* Resources */ = {
			isa = PBXResourcesBuildPhase;
			buildActionMask = 2147483647;
			files = (
				3B3FF9CF23A24BA300156A59 /* Main.storyboard in Resources */,
				3B3FF9C923A24BA300156A59 /* LaunchScreen.storyboard in Resources */,
				3B3FF93A23A15E7A00156A59 /* Assets.xcassets in Resources */,
			);
			runOnlyForDeploymentPostprocessing = 0;
		};
/* End PBXResourcesBuildPhase section */

/* Begin PBXShellScriptBuildPhase section */
		64DCFAEE176B8F7F45AA72F7 /* [CP] Embed Pods Frameworks */ = {
			isa = PBXShellScriptBuildPhase;
			buildActionMask = 2147483647;
			files = (
			);
			inputFileListPaths = (
				"${PODS_ROOT}/Target Support Files/Pods-ID Capture/Pods-ID Capture-frameworks-${CONFIGURATION}-input-files.xcfilelist",
			);
			name = "[CP] Embed Pods Frameworks";
			outputFileListPaths = (
				"${PODS_ROOT}/Target Support Files/Pods-ID Capture/Pods-ID Capture-frameworks-${CONFIGURATION}-output-files.xcfilelist",
			);
			runOnlyForDeploymentPostprocessing = 0;
			shellPath = /bin/sh;
			shellScript = "\"${PODS_ROOT}/Target Support Files/Pods-ID Capture/Pods-ID Capture-frameworks.sh\"\n";
			showEnvVarsInLog = 0;
		};
		7EFF059D37CBACF9CA4DF152 /* [CP] Check Pods Manifest.lock */ = {
			isa = PBXShellScriptBuildPhase;
			buildActionMask = 2147483647;
			files = (
			);
			inputFileListPaths = (
			);
			inputPaths = (
				"${PODS_PODFILE_DIR_PATH}/Podfile.lock",
				"${PODS_ROOT}/Manifest.lock",
			);
			name = "[CP] Check Pods Manifest.lock";
			outputFileListPaths = (
			);
			outputPaths = (
				"$(DERIVED_FILE_DIR)/Pods-ID Capture-checkManifestLockResult.txt",
			);
			runOnlyForDeploymentPostprocessing = 0;
			shellPath = /bin/sh;
			shellScript = "diff \"${PODS_PODFILE_DIR_PATH}/Podfile.lock\" \"${PODS_ROOT}/Manifest.lock\" > /dev/null\nif [ $? != 0 ] ; then\n    # print error to STDERR\n    echo \"error: The sandbox is not in sync with the Podfile.lock. Run 'pod install' or update your CocoaPods installation.\" >&2\n    exit 1\nfi\n# This output is used by Xcode 'outputs' to avoid re-running this script phase.\necho \"SUCCESS\" > \"${SCRIPT_OUTPUT_FILE_0}\"\n";
			showEnvVarsInLog = 0;
		};
		821B16792C7B878D31C41327 /* [CP] Copy Pods Resources */ = {
			isa = PBXShellScriptBuildPhase;
			buildActionMask = 2147483647;
			files = (
			);
			inputFileListPaths = (
				"${PODS_ROOT}/Target Support Files/Pods-ID Capture/Pods-ID Capture-resources-${CONFIGURATION}-input-files.xcfilelist",
			);
			name = "[CP] Copy Pods Resources";
			outputFileListPaths = (
				"${PODS_ROOT}/Target Support Files/Pods-ID Capture/Pods-ID Capture-resources-${CONFIGURATION}-output-files.xcfilelist",
			);
			runOnlyForDeploymentPostprocessing = 0;
			shellPath = /bin/sh;
			shellScript = "\"${PODS_ROOT}/Target Support Files/Pods-ID Capture/Pods-ID Capture-resources.sh\"\n";
			showEnvVarsInLog = 0;
		};
/* End PBXShellScriptBuildPhase section */

/* Begin PBXSourcesBuildPhase section */
		3B3FF92923A15E7700156A59 /* Sources */ = {
			isa = PBXSourcesBuildPhase;
			buildActionMask = 2147483647;
			files = (
				3B3196CD23AB86FF009B8564 /* BarcodeScan.swift in Sources */,
				3B3FF93523A15E7700156A59 /* ViewController.swift in Sources */,
				3B3FF93123A15E7700156A59 /* AppDelegate.swift in Sources */,
				3B3FF9D123A24F3600156A59 /* SettingsViewController.swift in Sources */,
				3B5C14EF23A958250000D252 /* NormalDistribution.swift in Sources */,
				3B3FF9CC23A24BA300156A59 /* SimiarityDial.swift in Sources */,
				3B5C14EC23A958250000D252 /* Gamma.swift in Sources */,
				3B0B533523A2AB6600B64EB6 /* SupportedDocumentsViewController.swift in Sources */,
				3B5C14EE23A958250000D252 /* ContinuedFraction.swift in Sources */,
				3B3FF9D323A250F100156A59 /* CardViewController.swift in Sources */,
				3BDCDCCB23AD71B000EA6123 /* MicroblinkDocumentData.swift in Sources */,
				3B3FF9CB23A24BA300156A59 /* ScoreTableViewController.swift in Sources */,
				3B0B533D23A2B80D00B64EB6 /* ImageTableViewCell.swift in Sources */,
				3B3FF9CA23A24BA300156A59 /* ResultsViewController.swift in Sources */,
				3B0B533B23A2B6FA00B64EB6 /* CardDetailsTableViewController.swift in Sources */,
				3B5C14ED23A958250000D252 /* Erf.swift in Sources */,
			);
			runOnlyForDeploymentPostprocessing = 0;
		};
/* End PBXSourcesBuildPhase section */

/* Begin PBXVariantGroup section */
		3B3FF93623A15E7700156A59 /* Main.storyboard */ = {
			isa = PBXVariantGroup;
			children = (
				3B3FF93723A15E7700156A59 /* Base */,
			);
			name = Main.storyboard;
			sourceTree = "<group>";
		};
		3B3FF93B23A15E7A00156A59 /* LaunchScreen.storyboard */ = {
			isa = PBXVariantGroup;
			children = (
				3B3FF93C23A15E7A00156A59 /* Base */,
			);
			name = LaunchScreen.storyboard;
			sourceTree = "<group>";
		};
/* End PBXVariantGroup section */

/* Begin XCBuildConfiguration section */
		3B3FF93F23A15E7A00156A59 /* Debug */ = {
			isa = XCBuildConfiguration;
			buildSettings = {
				ALWAYS_SEARCH_USER_PATHS = NO;
				CLANG_ANALYZER_NONNULL = YES;
				CLANG_ANALYZER_NUMBER_OBJECT_CONVERSION = YES_AGGRESSIVE;
				CLANG_CXX_LANGUAGE_STANDARD = "gnu++14";
				CLANG_CXX_LIBRARY = "libc++";
				CLANG_ENABLE_MODULES = YES;
				CLANG_ENABLE_OBJC_ARC = YES;
				CLANG_ENABLE_OBJC_WEAK = YES;
				CLANG_WARN_BLOCK_CAPTURE_AUTORELEASING = YES;
				CLANG_WARN_BOOL_CONVERSION = YES;
				CLANG_WARN_COMMA = YES;
				CLANG_WARN_CONSTANT_CONVERSION = YES;
				CLANG_WARN_DEPRECATED_OBJC_IMPLEMENTATIONS = YES;
				CLANG_WARN_DIRECT_OBJC_ISA_USAGE = YES_ERROR;
				CLANG_WARN_DOCUMENTATION_COMMENTS = YES;
				CLANG_WARN_EMPTY_BODY = YES;
				CLANG_WARN_ENUM_CONVERSION = YES;
				CLANG_WARN_INFINITE_RECURSION = YES;
				CLANG_WARN_INT_CONVERSION = YES;
				CLANG_WARN_NON_LITERAL_NULL_CONVERSION = YES;
				CLANG_WARN_OBJC_IMPLICIT_RETAIN_SELF = YES;
				CLANG_WARN_OBJC_LITERAL_CONVERSION = YES;
				CLANG_WARN_OBJC_ROOT_CLASS = YES_ERROR;
				CLANG_WARN_RANGE_LOOP_ANALYSIS = YES;
				CLANG_WARN_STRICT_PROTOTYPES = YES;
				CLANG_WARN_SUSPICIOUS_MOVE = YES;
				CLANG_WARN_UNGUARDED_AVAILABILITY = YES_AGGRESSIVE;
				CLANG_WARN_UNREACHABLE_CODE = YES;
				CLANG_WARN__DUPLICATE_METHOD_MATCH = YES;
				COPY_PHASE_STRIP = NO;
				DEBUG_INFORMATION_FORMAT = dwarf;
				ENABLE_STRICT_OBJC_MSGSEND = YES;
				ENABLE_TESTABILITY = YES;
				GCC_C_LANGUAGE_STANDARD = gnu11;
				GCC_DYNAMIC_NO_PIC = NO;
				GCC_NO_COMMON_BLOCKS = YES;
				GCC_OPTIMIZATION_LEVEL = 0;
				GCC_PREPROCESSOR_DEFINITIONS = (
					"DEBUG=1",
					"$(inherited)",
				);
				GCC_WARN_64_TO_32_BIT_CONVERSION = YES;
				GCC_WARN_ABOUT_RETURN_TYPE = YES_ERROR;
				GCC_WARN_UNDECLARED_SELECTOR = YES;
				GCC_WARN_UNINITIALIZED_AUTOS = YES_AGGRESSIVE;
				GCC_WARN_UNUSED_FUNCTION = YES;
				GCC_WARN_UNUSED_VARIABLE = YES;
				IPHONEOS_DEPLOYMENT_TARGET = 11.0;
				MARKETING_VERSION = 4.1.1;
				MTL_ENABLE_DEBUG_INFO = INCLUDE_SOURCE;
				MTL_FAST_MATH = YES;
				ONLY_ACTIVE_ARCH = YES;
				SDKROOT = iphoneos;
				SWIFT_ACTIVE_COMPILATION_CONDITIONS = DEBUG;
				SWIFT_OPTIMIZATION_LEVEL = "-Onone";
			};
			name = Debug;
		};
		3B3FF94023A15E7A00156A59 /* Release */ = {
			isa = XCBuildConfiguration;
			buildSettings = {
				ALWAYS_SEARCH_USER_PATHS = NO;
				CLANG_ANALYZER_NONNULL = YES;
				CLANG_ANALYZER_NUMBER_OBJECT_CONVERSION = YES_AGGRESSIVE;
				CLANG_CXX_LANGUAGE_STANDARD = "gnu++14";
				CLANG_CXX_LIBRARY = "libc++";
				CLANG_ENABLE_MODULES = YES;
				CLANG_ENABLE_OBJC_ARC = YES;
				CLANG_ENABLE_OBJC_WEAK = YES;
				CLANG_WARN_BLOCK_CAPTURE_AUTORELEASING = YES;
				CLANG_WARN_BOOL_CONVERSION = YES;
				CLANG_WARN_COMMA = YES;
				CLANG_WARN_CONSTANT_CONVERSION = YES;
				CLANG_WARN_DEPRECATED_OBJC_IMPLEMENTATIONS = YES;
				CLANG_WARN_DIRECT_OBJC_ISA_USAGE = YES_ERROR;
				CLANG_WARN_DOCUMENTATION_COMMENTS = YES;
				CLANG_WARN_EMPTY_BODY = YES;
				CLANG_WARN_ENUM_CONVERSION = YES;
				CLANG_WARN_INFINITE_RECURSION = YES;
				CLANG_WARN_INT_CONVERSION = YES;
				CLANG_WARN_NON_LITERAL_NULL_CONVERSION = YES;
				CLANG_WARN_OBJC_IMPLICIT_RETAIN_SELF = YES;
				CLANG_WARN_OBJC_LITERAL_CONVERSION = YES;
				CLANG_WARN_OBJC_ROOT_CLASS = YES_ERROR;
				CLANG_WARN_RANGE_LOOP_ANALYSIS = YES;
				CLANG_WARN_STRICT_PROTOTYPES = YES;
				CLANG_WARN_SUSPICIOUS_MOVE = YES;
				CLANG_WARN_UNGUARDED_AVAILABILITY = YES_AGGRESSIVE;
				CLANG_WARN_UNREACHABLE_CODE = YES;
				CLANG_WARN__DUPLICATE_METHOD_MATCH = YES;
				COPY_PHASE_STRIP = NO;
				DEBUG_INFORMATION_FORMAT = "dwarf-with-dsym";
				ENABLE_NS_ASSERTIONS = NO;
				ENABLE_STRICT_OBJC_MSGSEND = YES;
				GCC_C_LANGUAGE_STANDARD = gnu11;
				GCC_NO_COMMON_BLOCKS = YES;
				GCC_WARN_64_TO_32_BIT_CONVERSION = YES;
				GCC_WARN_ABOUT_RETURN_TYPE = YES_ERROR;
				GCC_WARN_UNDECLARED_SELECTOR = YES;
				GCC_WARN_UNINITIALIZED_AUTOS = YES_AGGRESSIVE;
				GCC_WARN_UNUSED_FUNCTION = YES;
				GCC_WARN_UNUSED_VARIABLE = YES;
				IPHONEOS_DEPLOYMENT_TARGET = 11.0;
				MARKETING_VERSION = 4.1.1;
				MTL_ENABLE_DEBUG_INFO = NO;
				MTL_FAST_MATH = YES;
				SDKROOT = iphoneos;
				SWIFT_COMPILATION_MODE = wholemodule;
				SWIFT_OPTIMIZATION_LEVEL = "-O";
				VALIDATE_PRODUCT = YES;
			};
			name = Release;
		};
		3B3FF94223A15E7A00156A59 /* Debug */ = {
			isa = XCBuildConfiguration;
			baseConfigurationReference = FF4DD71811035F32DE6E594B /* Pods-ID Capture.debug.xcconfig */;
			buildSettings = {
				ASSETCATALOG_COMPILER_APPICON_NAME = AppIcon;
				BLINKID_KEY = "sRwAAAEZY29tLmFwcGxpZWRyZWMuaWQtY2FwdHVyZZpSUB5IbSbnMB1ZBREcyJH6okTg3Ue4Jmx7/xoIAljTm1Dgw9470xm3JuKqt6ppqTebmcs7zP/YOLxaMTmXICAVtGPV25WdMWREtOqJ36rc+fSDsol5osvKP8xPFrxMJW7dr+dbFSe1y3bDQKaIM6NPlfvs5BOx4RwDV/mQUgFc4nlCSI1r1qLHhXzvu3qSXv+mIeJmB/rNzBF+oFWBCsFRuZoTVHVxKWxadeGjWI7W9eopta6qmyIQgMk0nU0F0KiUXr+MpBfA";
				CODE_SIGN_STYLE = Automatic;
				CURRENT_PROJECT_VERSION = 2;
				DEVELOPMENT_TEAM = 3DPTJHF24M;
				ENABLE_BITCODE = NO;
				INFOPLIST_FILE = "ID Capture/Info.plist";
				LD_RUNPATH_SEARCH_PATHS = (
					"$(inherited)",
					"@executable_path/Frameworks",
				);
				PRODUCT_BUNDLE_IDENTIFIER = "com.appliedrec.ID-Capture";
				PRODUCT_NAME = "$(TARGET_NAME)";
				SWIFT_VERSION = 5.0;
				TARGETED_DEVICE_FAMILY = "1,2";
				VERID_SECRET = 8bb81af6df361c37f8a0119938d06f2aa463a8f8c160d4972f6265a06333f583;
				VERSIONING_SYSTEM = "apple-generic";
			};
			name = Debug;
		};
		3B3FF94323A15E7A00156A59 /* Release */ = {
			isa = XCBuildConfiguration;
			baseConfigurationReference = 638E7A67289A680519B46277 /* Pods-ID Capture.release.xcconfig */;
			buildSettings = {
				ASSETCATALOG_COMPILER_APPICON_NAME = AppIcon;
				BLINKID_KEY = "sRwAAAEZY29tLmFwcGxpZWRyZWMuaWQtY2FwdHVyZZpSUB5IbSbnMB1ZBREcyJH6okTg3Ue4Jmx7/xoIAljTm1Dgw9470xm3JuKqt6ppqTebmcs7zP/YOLxaMTmXICAVtGPV25WdMWREtOqJ36rc+fSDsol5osvKP8xPFrxMJW7dr+dbFSe1y3bDQKaIM6NPlfvs5BOx4RwDV/mQUgFc4nlCSI1r1qLHhXzvu3qSXv+mIeJmB/rNzBF+oFWBCsFRuZoTVHVxKWxadeGjWI7W9eopta6qmyIQgMk0nU0F0KiUXr+MpBfA";
				CODE_SIGN_STYLE = Automatic;
				CURRENT_PROJECT_VERSION = 2;
				DEVELOPMENT_TEAM = 3DPTJHF24M;
				ENABLE_BITCODE = NO;
				INFOPLIST_FILE = "ID Capture/Info.plist";
				LD_RUNPATH_SEARCH_PATHS = (
					"$(inherited)",
					"@executable_path/Frameworks",
				);
				PRODUCT_BUNDLE_IDENTIFIER = "com.appliedrec.ID-Capture";
				PRODUCT_NAME = "$(TARGET_NAME)";
				SWIFT_VERSION = 5.0;
				TARGETED_DEVICE_FAMILY = "1,2";
				VERID_SECRET = 8bb81af6df361c37f8a0119938d06f2aa463a8f8c160d4972f6265a06333f583;
				VERSIONING_SYSTEM = "apple-generic";
			};
			name = Release;
		};
/* End XCBuildConfiguration section */

/* Begin XCConfigurationList section */
		3B3FF92823A15E7700156A59 /* Build configuration list for PBXProject "ID Capture" */ = {
			isa = XCConfigurationList;
			buildConfigurations = (
				3B3FF93F23A15E7A00156A59 /* Debug */,
				3B3FF94023A15E7A00156A59 /* Release */,
			);
			defaultConfigurationIsVisible = 0;
			defaultConfigurationName = Release;
		};
		3B3FF94123A15E7A00156A59 /* Build configuration list for PBXNativeTarget "ID Capture" */ = {
			isa = XCConfigurationList;
			buildConfigurations = (
				3B3FF94223A15E7A00156A59 /* Debug */,
				3B3FF94323A15E7A00156A59 /* Release */,
			);
			defaultConfigurationIsVisible = 0;
			defaultConfigurationName = Release;
		};
/* End XCConfigurationList section */
	};
	rootObject = 3B3FF92523A15E7700156A59 /* Project object */;
}
