// !$*UTF8*$!
{
	archiveVersion = 1;
	classes = {
	};
	objectVersion = 52;
	objects = {

/* Begin PBXBuildFile section */
		3B0B533523A2AB6600B64EB6 /* SupportedDocumentsViewController.swift in Sources */ = {isa = PBXBuildFile; fileRef = 3B0B533423A2AB6600B64EB6 /* SupportedDocumentsViewController.swift */; };
		3B0B533B23A2B6FA00B64EB6 /* CardDetailsTableViewController.swift in Sources */ = {isa = PBXBuildFile; fileRef = 3B0B533A23A2B6FA00B64EB6 /* CardDetailsTableViewController.swift */; };
		3B0B533D23A2B80D00B64EB6 /* ImageTableViewCell.swift in Sources */ = {isa = PBXBuildFile; fileRef = 3B0B533C23A2B80D00B64EB6 /* ImageTableViewCell.swift */; };
		3B2EBFA823EB059C00F7FA14 /* GoogleService-Info.plist in Resources */ = {isa = PBXBuildFile; fileRef = 3B2EBFA723EB059C00F7FA14 /* GoogleService-Info.plist */; };
		3B3196CD23AB86FF009B8564 /* BarcodeScan.swift in Sources */ = {isa = PBXBuildFile; fileRef = 3B3196CC23AB86FF009B8564 /* BarcodeScan.swift */; };
		3B360B1323C49AC1007FC1F1 /* NormalDistribution in Frameworks */ = {isa = PBXBuildFile; productRef = 3B360B1223C49AC1007FC1F1 /* NormalDistribution */; };
		3B3E6A9923BE688E00495F42 /* SecureStorage.swift in Sources */ = {isa = PBXBuildFile; fileRef = 3B3E6A9823BE688E00495F42 /* SecureStorage.swift */; };
		3B3FF93123A15E7700156A59 /* AppDelegate.swift in Sources */ = {isa = PBXBuildFile; fileRef = 3B3FF93023A15E7700156A59 /* AppDelegate.swift */; };
		3B3FF93523A15E7700156A59 /* ViewController.swift in Sources */ = {isa = PBXBuildFile; fileRef = 3B3FF93423A15E7700156A59 /* ViewController.swift */; };
		3B3FF93A23A15E7A00156A59 /* Assets.xcassets in Resources */ = {isa = PBXBuildFile; fileRef = 3B3FF93923A15E7A00156A59 /* Assets.xcassets */; };
		3B3FF9C923A24BA300156A59 /* LaunchScreen.storyboard in Resources */ = {isa = PBXBuildFile; fileRef = 3B3FF9C223A24BA300156A59 /* LaunchScreen.storyboard */; };
		3B3FF9CA23A24BA300156A59 /* ResultsViewController.swift in Sources */ = {isa = PBXBuildFile; fileRef = 3B3FF9C323A24BA300156A59 /* ResultsViewController.swift */; };
		3B3FF9CB23A24BA300156A59 /* ScoreTableViewController.swift in Sources */ = {isa = PBXBuildFile; fileRef = 3B3FF9C423A24BA300156A59 /* ScoreTableViewController.swift */; };
		3B3FF9CC23A24BA300156A59 /* SimiarityDial.swift in Sources */ = {isa = PBXBuildFile; fileRef = 3B3FF9C523A24BA300156A59 /* SimiarityDial.swift */; };
		3B3FF9CF23A24BA300156A59 /* Main.storyboard in Resources */ = {isa = PBXBuildFile; fileRef = 3B3FF9C823A24BA300156A59 /* Main.storyboard */; };
		3B3FF9D123A24F3600156A59 /* SettingsViewController.swift in Sources */ = {isa = PBXBuildFile; fileRef = 3B3FF9D023A24F3600156A59 /* SettingsViewController.swift */; };
		3B3FF9D323A250F100156A59 /* CardViewController.swift in Sources */ = {isa = PBXBuildFile; fileRef = 3B3FF9D223A250F100156A59 /* CardViewController.swift */; };
		3BB0E570244DAAA400785E47 /* ID_Capture_UI_Tests.swift in Sources */ = {isa = PBXBuildFile; fileRef = 3BB0E56F244DAAA400785E47 /* ID_Capture_UI_Tests.swift */; };
		3BB0E580244DB27F00785E47 /* TestBarcodeObservation.swift in Sources */ = {isa = PBXBuildFile; fileRef = 3BB0E579244DB16500785E47 /* TestBarcodeObservation.swift */; };
		3BB0E582244DCD4C00785E47 /* ExecutionParams.swift in Sources */ = {isa = PBXBuildFile; fileRef = 3BB0E581244DCD4C00785E47 /* ExecutionParams.swift */; };
		3BB0E5882451F68500785E47 /* Globals.swift in Sources */ = {isa = PBXBuildFile; fileRef = 3BB0E5872451F68500785E47 /* Globals.swift */; };
		3BDA7B0A23E9EAFF003C3FD7 /* Ver-ID identity.p12 in Resources */ = {isa = PBXBuildFile; fileRef = 3BDA7B0923E9EAFF003C3FD7 /* Ver-ID identity.p12 */; };
		3BDCDCCB23AD71B000EA6123 /* MicroblinkDocumentData.swift in Sources */ = {isa = PBXBuildFile; fileRef = 3BDCDCCA23AD71B000EA6123 /* MicroblinkDocumentData.swift */; };
		6C128773EA5E3E6BF2E68C57 /* Pods_ID_Capture.framework in Frameworks */ = {isa = PBXBuildFile; fileRef = 419180C6135555744CF4A99A /* Pods_ID_Capture.framework */; };
/* End PBXBuildFile section */

/* Begin PBXContainerItemProxy section */
		3BB0E572244DAAA400785E47 /* PBXContainerItemProxy */ = {
			isa = PBXContainerItemProxy;
			containerPortal = 3B3FF92523A15E7700156A59 /* Project object */;
			proxyType = 1;
			remoteGlobalIDString = 3B3FF92C23A15E7700156A59;
			remoteInfo = "ID Capture";
		};
/* End PBXContainerItemProxy section */

/* Begin PBXCopyFilesBuildPhase section */
		3B3FF95823A1682B00156A59 /* Embed Frameworks */ = {
			isa = PBXCopyFilesBuildPhase;
			buildActionMask = 2147483647;
			dstPath = "";
			dstSubfolderSpec = 10;
			files = (
			);
			name = "Embed Frameworks";
			runOnlyForDeploymentPostprocessing = 0;
		};
/* End PBXCopyFilesBuildPhase section */

/* Begin PBXFileReference section */
		3B0B533423A2AB6600B64EB6 /* SupportedDocumentsViewController.swift */ = {isa = PBXFileReference; lastKnownFileType = sourcecode.swift; path = SupportedDocumentsViewController.swift; sourceTree = "<group>"; };
		3B0B533A23A2B6FA00B64EB6 /* CardDetailsTableViewController.swift */ = {isa = PBXFileReference; lastKnownFileType = sourcecode.swift; path = CardDetailsTableViewController.swift; sourceTree = "<group>"; };
		3B0B533C23A2B80D00B64EB6 /* ImageTableViewCell.swift */ = {isa = PBXFileReference; lastKnownFileType = sourcecode.swift; path = ImageTableViewCell.swift; sourceTree = "<group>"; };
		3B2EBFA723EB059C00F7FA14 /* GoogleService-Info.plist */ = {isa = PBXFileReference; fileEncoding = 4; lastKnownFileType = text.plist.xml; path = "GoogleService-Info.plist"; sourceTree = "<group>"; };
		3B3196CC23AB86FF009B8564 /* BarcodeScan.swift */ = {isa = PBXFileReference; lastKnownFileType = sourcecode.swift; path = BarcodeScan.swift; sourceTree = "<group>"; };
		3B3E6A9823BE688E00495F42 /* SecureStorage.swift */ = {isa = PBXFileReference; lastKnownFileType = sourcecode.swift; path = SecureStorage.swift; sourceTree = "<group>"; };
		3B3FF92D23A15E7700156A59 /* ID Capture.app */ = {isa = PBXFileReference; explicitFileType = wrapper.application; includeInIndex = 0; path = "ID Capture.app"; sourceTree = BUILT_PRODUCTS_DIR; };
		3B3FF93023A15E7700156A59 /* AppDelegate.swift */ = {isa = PBXFileReference; lastKnownFileType = sourcecode.swift; path = AppDelegate.swift; sourceTree = "<group>"; };
		3B3FF93423A15E7700156A59 /* ViewController.swift */ = {isa = PBXFileReference; lastKnownFileType = sourcecode.swift; path = ViewController.swift; sourceTree = "<group>"; };
		3B3FF93923A15E7A00156A59 /* Assets.xcassets */ = {isa = PBXFileReference; lastKnownFileType = folder.assetcatalog; path = Assets.xcassets; sourceTree = "<group>"; };
		3B3FF93E23A15E7A00156A59 /* Info.plist */ = {isa = PBXFileReference; lastKnownFileType = text.plist.xml; path = Info.plist; sourceTree = "<group>"; };
		3B3FF9C223A24BA300156A59 /* LaunchScreen.storyboard */ = {isa = PBXFileReference; fileEncoding = 4; lastKnownFileType = file.storyboard; path = LaunchScreen.storyboard; sourceTree = "<group>"; };
		3B3FF9C323A24BA300156A59 /* ResultsViewController.swift */ = {isa = PBXFileReference; fileEncoding = 4; lastKnownFileType = sourcecode.swift; path = ResultsViewController.swift; sourceTree = "<group>"; };
		3B3FF9C423A24BA300156A59 /* ScoreTableViewController.swift */ = {isa = PBXFileReference; fileEncoding = 4; lastKnownFileType = sourcecode.swift; path = ScoreTableViewController.swift; sourceTree = "<group>"; };
		3B3FF9C523A24BA300156A59 /* SimiarityDial.swift */ = {isa = PBXFileReference; fileEncoding = 4; lastKnownFileType = sourcecode.swift; path = SimiarityDial.swift; sourceTree = "<group>"; };
		3B3FF9C823A24BA300156A59 /* Main.storyboard */ = {isa = PBXFileReference; fileEncoding = 4; lastKnownFileType = file.storyboard; path = Main.storyboard; sourceTree = "<group>"; };
		3B3FF9D023A24F3600156A59 /* SettingsViewController.swift */ = {isa = PBXFileReference; lastKnownFileType = sourcecode.swift; path = SettingsViewController.swift; sourceTree = "<group>"; };
		3B3FF9D223A250F100156A59 /* CardViewController.swift */ = {isa = PBXFileReference; fileEncoding = 4; lastKnownFileType = sourcecode.swift; path = CardViewController.swift; sourceTree = "<group>"; };
		3BB0E56D244DAAA400785E47 /* ID Capture UI Tests.xctest */ = {isa = PBXFileReference; explicitFileType = wrapper.cfbundle; includeInIndex = 0; path = "ID Capture UI Tests.xctest"; sourceTree = BUILT_PRODUCTS_DIR; };
		3BB0E56F244DAAA400785E47 /* ID_Capture_UI_Tests.swift */ = {isa = PBXFileReference; lastKnownFileType = sourcecode.swift; path = ID_Capture_UI_Tests.swift; sourceTree = "<group>"; };
		3BB0E571244DAAA400785E47 /* Info.plist */ = {isa = PBXFileReference; lastKnownFileType = text.plist.xml; path = Info.plist; sourceTree = "<group>"; };
		3BB0E579244DB16500785E47 /* TestBarcodeObservation.swift */ = {isa = PBXFileReference; lastKnownFileType = sourcecode.swift; path = TestBarcodeObservation.swift; sourceTree = "<group>"; };
		3BB0E57E244DB27700785E47 /* Test resources */ = {isa = PBXFileReference; lastKnownFileType = folder; path = "Test resources"; sourceTree = "<group>"; };
		3BB0E581244DCD4C00785E47 /* ExecutionParams.swift */ = {isa = PBXFileReference; lastKnownFileType = sourcecode.swift; path = ExecutionParams.swift; sourceTree = "<group>"; };
		3BB0E5872451F68500785E47 /* Globals.swift */ = {isa = PBXFileReference; lastKnownFileType = sourcecode.swift; path = Globals.swift; sourceTree = "<group>"; };
		3BDA7B0923E9EAFF003C3FD7 /* Ver-ID identity.p12 */ = {isa = PBXFileReference; lastKnownFileType = file; path = "Ver-ID identity.p12"; sourceTree = "<group>"; };
		3BDCDCCA23AD71B000EA6123 /* MicroblinkDocumentData.swift */ = {isa = PBXFileReference; fileEncoding = 4; lastKnownFileType = sourcecode.swift; path = MicroblinkDocumentData.swift; sourceTree = "<group>"; };
		419180C6135555744CF4A99A /* Pods_ID_Capture.framework */ = {isa = PBXFileReference; explicitFileType = wrapper.framework; includeInIndex = 0; path = Pods_ID_Capture.framework; sourceTree = BUILT_PRODUCTS_DIR; };
		638E7A67289A680519B46277 /* Pods-ID Capture.release.xcconfig */ = {isa = PBXFileReference; includeInIndex = 1; lastKnownFileType = text.xcconfig; name = "Pods-ID Capture.release.xcconfig"; path = "Target Support Files/Pods-ID Capture/Pods-ID Capture.release.xcconfig"; sourceTree = "<group>"; };
		FF4DD71811035F32DE6E594B /* Pods-ID Capture.debug.xcconfig */ = {isa = PBXFileReference; includeInIndex = 1; lastKnownFileType = text.xcconfig; name = "Pods-ID Capture.debug.xcconfig"; path = "Target Support Files/Pods-ID Capture/Pods-ID Capture.debug.xcconfig"; sourceTree = "<group>"; };
/* End PBXFileReference section */

/* Begin PBXFrameworksBuildPhase section */
		3B3FF92A23A15E7700156A59 /* Frameworks */ = {
			isa = PBXFrameworksBuildPhase;
			buildActionMask = 2147483647;
			files = (
				6C128773EA5E3E6BF2E68C57 /* Pods_ID_Capture.framework in Frameworks */,
				3B360B1323C49AC1007FC1F1 /* NormalDistribution in Frameworks */,
			);
			runOnlyForDeploymentPostprocessing = 0;
		};
		3BB0E56A244DAAA400785E47 /* Frameworks */ = {
			isa = PBXFrameworksBuildPhase;
			buildActionMask = 2147483647;
			files = (
			);
			runOnlyForDeploymentPostprocessing = 0;
		};
/* End PBXFrameworksBuildPhase section */

/* Begin PBXGroup section */
		13CA53EBA6FF8E1A79E1A525 /* Pods */ = {
			isa = PBXGroup;
			children = (
				FF4DD71811035F32DE6E594B /* Pods-ID Capture.debug.xcconfig */,
				638E7A67289A680519B46277 /* Pods-ID Capture.release.xcconfig */,
			);
			path = Pods;
			sourceTree = "<group>";
		};
		3B3FF92423A15E7700156A59 = {
			isa = PBXGroup;
			children = (
				3B3FF92F23A15E7700156A59 /* ID Capture */,
				3BB0E56E244DAAA400785E47 /* ID Capture UI Tests */,
				3B3FF92E23A15E7700156A59 /* Products */,
				13CA53EBA6FF8E1A79E1A525 /* Pods */,
				8A92B8622725B058A9344374 /* Frameworks */,
			);
			sourceTree = "<group>";
		};
		3B3FF92E23A15E7700156A59 /* Products */ = {
			isa = PBXGroup;
			children = (
				3B3FF92D23A15E7700156A59 /* ID Capture.app */,
				3BB0E56D244DAAA400785E47 /* ID Capture UI Tests.xctest */,
			);
			name = Products;
			sourceTree = "<group>";
		};
		3B3FF92F23A15E7700156A59 /* ID Capture */ = {
			isa = PBXGroup;
			children = (
				3BB0E57E244DB27700785E47 /* Test resources */,
				3B2EBFA723EB059C00F7FA14 /* GoogleService-Info.plist */,
				3BDA7B0923E9EAFF003C3FD7 /* Ver-ID identity.p12 */,
				3BDCDCCA23AD71B000EA6123 /* MicroblinkDocumentData.swift */,
				3B3FF9D223A250F100156A59 /* CardViewController.swift */,
				3B3FF9C223A24BA300156A59 /* LaunchScreen.storyboard */,
				3B3FF9C823A24BA300156A59 /* Main.storyboard */,
				3B3FF9C323A24BA300156A59 /* ResultsViewController.swift */,
				3B3FF9C423A24BA300156A59 /* ScoreTableViewController.swift */,
				3B3FF9C523A24BA300156A59 /* SimiarityDial.swift */,
				3B3FF93023A15E7700156A59 /* AppDelegate.swift */,
				3B3FF93423A15E7700156A59 /* ViewController.swift */,
				3B3FF93923A15E7A00156A59 /* Assets.xcassets */,
				3B3FF93E23A15E7A00156A59 /* Info.plist */,
				3B3FF9D023A24F3600156A59 /* SettingsViewController.swift */,
				3B0B533423A2AB6600B64EB6 /* SupportedDocumentsViewController.swift */,
				3B0B533A23A2B6FA00B64EB6 /* CardDetailsTableViewController.swift */,
				3B0B533C23A2B80D00B64EB6 /* ImageTableViewCell.swift */,
				3B3196CC23AB86FF009B8564 /* BarcodeScan.swift */,
				3B3E6A9823BE688E00495F42 /* SecureStorage.swift */,
				3BB0E581244DCD4C00785E47 /* ExecutionParams.swift */,
				3BB0E5872451F68500785E47 /* Globals.swift */,
			);
			path = "ID Capture";
			sourceTree = "<group>";
		};
		3BB0E56E244DAAA400785E47 /* ID Capture UI Tests */ = {
			isa = PBXGroup;
			children = (
				3BB0E56F244DAAA400785E47 /* ID_Capture_UI_Tests.swift */,
				3BB0E571244DAAA400785E47 /* Info.plist */,
				3BB0E579244DB16500785E47 /* TestBarcodeObservation.swift */,
			);
			path = "ID Capture UI Tests";
			sourceTree = "<group>";
		};
		8A92B8622725B058A9344374 /* Frameworks */ = {
			isa = PBXGroup;
			children = (
				419180C6135555744CF4A99A /* Pods_ID_Capture.framework */,
			);
			name = Frameworks;
			sourceTree = "<group>";
		};
/* End PBXGroup section */

/* Begin PBXNativeTarget section */
		3B3FF92C23A15E7700156A59 /* ID Capture */ = {
			isa = PBXNativeTarget;
			buildConfigurationList = 3B3FF94123A15E7A00156A59 /* Build configuration list for PBXNativeTarget "ID Capture" */;
			buildPhases = (
				7EFF059D37CBACF9CA4DF152 /* [CP] Check Pods Manifest.lock */,
				3B3FF92923A15E7700156A59 /* Sources */,
				3B3FF92A23A15E7700156A59 /* Frameworks */,
				3B3FF92B23A15E7700156A59 /* Resources */,
				3BB0E585244E242100785E47 /* Copy Test Resources in Debug Builds */,
				64DCFAEE176B8F7F45AA72F7 /* [CP] Embed Pods Frameworks */,
				3B3FF95823A1682B00156A59 /* Embed Frameworks */,
				3B2EBFA923EB073100F7FA14 /* Run Firebase Crashlytics */,
			);
			buildRules = (
			);
			dependencies = (
			);
			name = "ID Capture";
			packageProductDependencies = (
				3B360B1223C49AC1007FC1F1 /* NormalDistribution */,
			);
			productName = "ID Capture";
			productReference = 3B3FF92D23A15E7700156A59 /* ID Capture.app */;
			productType = "com.apple.product-type.application";
		};
		3BB0E56C244DAAA400785E47 /* ID Capture UI Tests */ = {
			isa = PBXNativeTarget;
			buildConfigurationList = 3BB0E576244DAAA400785E47 /* Build configuration list for PBXNativeTarget "ID Capture UI Tests" */;
			buildPhases = (
				3BB0E569244DAAA400785E47 /* Sources */,
				3BB0E56A244DAAA400785E47 /* Frameworks */,
				3BB0E56B244DAAA400785E47 /* Resources */,
			);
			buildRules = (
			);
			dependencies = (
				3BB0E573244DAAA400785E47 /* PBXTargetDependency */,
			);
			name = "ID Capture UI Tests";
			productName = "ID Capture UI Tests";
			productReference = 3BB0E56D244DAAA400785E47 /* ID Capture UI Tests.xctest */;
			productType = "com.apple.product-type.bundle.ui-testing";
		};
/* End PBXNativeTarget section */

/* Begin PBXProject section */
		3B3FF92523A15E7700156A59 /* Project object */ = {
			isa = PBXProject;
			attributes = {
				LastSwiftUpdateCheck = 1140;
				LastUpgradeCheck = 1130;
				ORGANIZATIONNAME = "Applied Recognition Inc.";
				TargetAttributes = {
					3B3FF92C23A15E7700156A59 = {
						CreatedOnToolsVersion = 11.3;
					};
					3BB0E56C244DAAA400785E47 = {
						CreatedOnToolsVersion = 11.4.1;
						TestTargetID = 3B3FF92C23A15E7700156A59;
					};
				};
			};
			buildConfigurationList = 3B3FF92823A15E7700156A59 /* Build configuration list for PBXProject "ID Capture" */;
			compatibilityVersion = "Xcode 9.3";
			developmentRegion = en;
			hasScannedForEncodings = 0;
			knownRegions = (
				en,
				Base,
			);
			mainGroup = 3B3FF92423A15E7700156A59;
			packageReferences = (
				3B360B1123C49AC1007FC1F1 /* XCRemoteSwiftPackageReference "Normal-Distribution-Swift" */,
			);
			productRefGroup = 3B3FF92E23A15E7700156A59 /* Products */;
			projectDirPath = "";
			projectRoot = "";
			targets = (
				3B3FF92C23A15E7700156A59 /* ID Capture */,
				3BB0E56C244DAAA400785E47 /* ID Capture UI Tests */,
			);
		};
/* End PBXProject section */

/* Begin PBXResourcesBuildPhase section */
		3B3FF92B23A15E7700156A59 /* Resources */ = {
			isa = PBXResourcesBuildPhase;
			buildActionMask = 2147483647;
			files = (
				3B3FF9CF23A24BA300156A59 /* Main.storyboard in Resources */,
				3BDA7B0A23E9EAFF003C3FD7 /* Ver-ID identity.p12 in Resources */,
				3B2EBFA823EB059C00F7FA14 /* GoogleService-Info.plist in Resources */,
				3B3FF9C923A24BA300156A59 /* LaunchScreen.storyboard in Resources */,
				3B3FF93A23A15E7A00156A59 /* Assets.xcassets in Resources */,
			);
			runOnlyForDeploymentPostprocessing = 0;
		};
		3BB0E56B244DAAA400785E47 /* Resources */ = {
			isa = PBXResourcesBuildPhase;
			buildActionMask = 2147483647;
			files = (
			);
			runOnlyForDeploymentPostprocessing = 0;
		};
/* End PBXResourcesBuildPhase section */

/* Begin PBXShellScriptBuildPhase section */
		3B2EBFA923EB073100F7FA14 /* Run Firebase Crashlytics */ = {
			isa = PBXShellScriptBuildPhase;
			buildActionMask = 2147483647;
			files = (
			);
			inputFileListPaths = (
			);
			inputPaths = (
				"${DWARF_DSYM_FOLDER_PATH}/${DWARF_DSYM_FILE_NAME}/Contents/Resources/DWARF/${TARGET_NAME}",
				"$(SRCROOT)/$(BUILT_PRODUCTS_DIR)/$(INFOPLIST_PATH)",
			);
			name = "Run Firebase Crashlytics";
			outputFileListPaths = (
			);
			outputPaths = (
			);
			runOnlyForDeploymentPostprocessing = 0;
			shellPath = /bin/sh;
			shellScript = "\"${PODS_ROOT}/FirebaseCrashlytics/run\"\n";
		};
		3BB0E585244E242100785E47 /* Copy Test Resources in Debug Builds */ = {
			isa = PBXShellScriptBuildPhase;
			buildActionMask = 2147483647;
			files = (
			);
			inputFileListPaths = (
			);
			inputPaths = (
			);
			name = "Copy Test Resources in Debug Builds";
			outputFileListPaths = (
			);
			outputPaths = (
			);
			runOnlyForDeploymentPostprocessing = 0;
			shellPath = /bin/sh;
			shellScript = "if [ \"${CONFIGURATION}\" == \"Debug\" ]; then\n    mkdir -p \"${BUILT_PRODUCTS_DIR}/${PRODUCT_NAME}.app/Test resources\"\n    cp -r \"${PROJECT_DIR}/\"ID\\ Capture/Test\\ resources/*.{txt,png,jpg} \"${BUILT_PRODUCTS_DIR}/${PRODUCT_NAME}.app/Test resources/\"\n    xattr -cr \"${BUILT_PRODUCTS_DIR}/${PRODUCT_NAME}.app\"\nfi\n";
		};
		64DCFAEE176B8F7F45AA72F7 /* [CP] Embed Pods Frameworks */ = {
			isa = PBXShellScriptBuildPhase;
			buildActionMask = 2147483647;
			files = (
			);
			inputFileListPaths = (
				"${PODS_ROOT}/Target Support Files/Pods-ID Capture/Pods-ID Capture-frameworks-${CONFIGURATION}-input-files.xcfilelist",
			);
			name = "[CP] Embed Pods Frameworks";
			outputFileListPaths = (
				"${PODS_ROOT}/Target Support Files/Pods-ID Capture/Pods-ID Capture-frameworks-${CONFIGURATION}-output-files.xcfilelist",
			);
			runOnlyForDeploymentPostprocessing = 0;
			shellPath = /bin/sh;
			shellScript = "\"${PODS_ROOT}/Target Support Files/Pods-ID Capture/Pods-ID Capture-frameworks.sh\"\n";
			showEnvVarsInLog = 0;
		};
		7EFF059D37CBACF9CA4DF152 /* [CP] Check Pods Manifest.lock */ = {
			isa = PBXShellScriptBuildPhase;
			buildActionMask = 2147483647;
			files = (
			);
			inputFileListPaths = (
			);
			inputPaths = (
				"${PODS_PODFILE_DIR_PATH}/Podfile.lock",
				"${PODS_ROOT}/Manifest.lock",
			);
			name = "[CP] Check Pods Manifest.lock";
			outputFileListPaths = (
			);
			outputPaths = (
				"$(DERIVED_FILE_DIR)/Pods-ID Capture-checkManifestLockResult.txt",
			);
			runOnlyForDeploymentPostprocessing = 0;
			shellPath = /bin/sh;
			shellScript = "diff \"${PODS_PODFILE_DIR_PATH}/Podfile.lock\" \"${PODS_ROOT}/Manifest.lock\" > /dev/null\nif [ $? != 0 ] ; then\n    # print error to STDERR\n    echo \"error: The sandbox is not in sync with the Podfile.lock. Run 'pod install' or update your CocoaPods installation.\" >&2\n    exit 1\nfi\n# This output is used by Xcode 'outputs' to avoid re-running this script phase.\necho \"SUCCESS\" > \"${SCRIPT_OUTPUT_FILE_0}\"\n";
			showEnvVarsInLog = 0;
		};
/* End PBXShellScriptBuildPhase section */

/* Begin PBXSourcesBuildPhase section */
		3B3FF92923A15E7700156A59 /* Sources */ = {
			isa = PBXSourcesBuildPhase;
			buildActionMask = 2147483647;
			files = (
				3B3E6A9923BE688E00495F42 /* SecureStorage.swift in Sources */,
				3B3196CD23AB86FF009B8564 /* BarcodeScan.swift in Sources */,
				3B3FF93523A15E7700156A59 /* ViewController.swift in Sources */,
				3BB0E582244DCD4C00785E47 /* ExecutionParams.swift in Sources */,
				3B3FF93123A15E7700156A59 /* AppDelegate.swift in Sources */,
				3B3FF9D123A24F3600156A59 /* SettingsViewController.swift in Sources */,
				3B3FF9CC23A24BA300156A59 /* SimiarityDial.swift in Sources */,
				3B0B533523A2AB6600B64EB6 /* SupportedDocumentsViewController.swift in Sources */,
				3BB0E580244DB27F00785E47 /* TestBarcodeObservation.swift in Sources */,
				3B3FF9D323A250F100156A59 /* CardViewController.swift in Sources */,
				3BDCDCCB23AD71B000EA6123 /* MicroblinkDocumentData.swift in Sources */,
				3B3FF9CB23A24BA300156A59 /* ScoreTableViewController.swift in Sources */,
				3BB0E5882451F68500785E47 /* Globals.swift in Sources */,
				3B0B533D23A2B80D00B64EB6 /* ImageTableViewCell.swift in Sources */,
				3B3FF9CA23A24BA300156A59 /* ResultsViewController.swift in Sources */,
				3B0B533B23A2B6FA00B64EB6 /* CardDetailsTableViewController.swift in Sources */,
			);
			runOnlyForDeploymentPostprocessing = 0;
		};
		3BB0E569244DAAA400785E47 /* Sources */ = {
			isa = PBXSourcesBuildPhase;
			buildActionMask = 2147483647;
			files = (
				3BB0E570244DAAA400785E47 /* ID_Capture_UI_Tests.swift in Sources */,
			);
			runOnlyForDeploymentPostprocessing = 0;
		};
/* End PBXSourcesBuildPhase section */

/* Begin PBXTargetDependency section */
		3BB0E573244DAAA400785E47 /* PBXTargetDependency */ = {
			isa = PBXTargetDependency;
			target = 3B3FF92C23A15E7700156A59 /* ID Capture */;
			targetProxy = 3BB0E572244DAAA400785E47 /* PBXContainerItemProxy */;
		};
/* End PBXTargetDependency section */

/* Begin XCBuildConfiguration section */
		3B3FF93F23A15E7A00156A59 /* Debug */ = {
			isa = XCBuildConfiguration;
			buildSettings = {
				ALWAYS_SEARCH_USER_PATHS = NO;
				CLANG_ANALYZER_NONNULL = YES;
				CLANG_ANALYZER_NUMBER_OBJECT_CONVERSION = YES_AGGRESSIVE;
				CLANG_CXX_LANGUAGE_STANDARD = "gnu++14";
				CLANG_CXX_LIBRARY = "libc++";
				CLANG_ENABLE_MODULES = YES;
				CLANG_ENABLE_OBJC_ARC = YES;
				CLANG_ENABLE_OBJC_WEAK = YES;
				CLANG_WARN_BLOCK_CAPTURE_AUTORELEASING = YES;
				CLANG_WARN_BOOL_CONVERSION = YES;
				CLANG_WARN_COMMA = YES;
				CLANG_WARN_CONSTANT_CONVERSION = YES;
				CLANG_WARN_DEPRECATED_OBJC_IMPLEMENTATIONS = YES;
				CLANG_WARN_DIRECT_OBJC_ISA_USAGE = YES_ERROR;
				CLANG_WARN_DOCUMENTATION_COMMENTS = YES;
				CLANG_WARN_EMPTY_BODY = YES;
				CLANG_WARN_ENUM_CONVERSION = YES;
				CLANG_WARN_INFINITE_RECURSION = YES;
				CLANG_WARN_INT_CONVERSION = YES;
				CLANG_WARN_NON_LITERAL_NULL_CONVERSION = YES;
				CLANG_WARN_OBJC_IMPLICIT_RETAIN_SELF = YES;
				CLANG_WARN_OBJC_LITERAL_CONVERSION = YES;
				CLANG_WARN_OBJC_ROOT_CLASS = YES_ERROR;
				CLANG_WARN_RANGE_LOOP_ANALYSIS = YES;
				CLANG_WARN_STRICT_PROTOTYPES = YES;
				CLANG_WARN_SUSPICIOUS_MOVE = YES;
				CLANG_WARN_UNGUARDED_AVAILABILITY = YES_AGGRESSIVE;
				CLANG_WARN_UNREACHABLE_CODE = YES;
				CLANG_WARN__DUPLICATE_METHOD_MATCH = YES;
				COPY_PHASE_STRIP = NO;
				CURRENT_PROJECT_VERSION = 14;
				DEBUG_INFORMATION_FORMAT = dwarf;
				ENABLE_STRICT_OBJC_MSGSEND = YES;
				ENABLE_TESTABILITY = YES;
				GCC_C_LANGUAGE_STANDARD = gnu11;
				GCC_DYNAMIC_NO_PIC = NO;
				GCC_NO_COMMON_BLOCKS = YES;
				GCC_OPTIMIZATION_LEVEL = 0;
				GCC_PREPROCESSOR_DEFINITIONS = (
					"DEBUG=1",
					"$(inherited)",
				);
				GCC_WARN_64_TO_32_BIT_CONVERSION = YES;
				GCC_WARN_ABOUT_RETURN_TYPE = YES_ERROR;
				GCC_WARN_UNDECLARED_SELECTOR = YES;
				GCC_WARN_UNINITIALIZED_AUTOS = YES_AGGRESSIVE;
				GCC_WARN_UNUSED_FUNCTION = YES;
				GCC_WARN_UNUSED_VARIABLE = YES;
				IPHONEOS_DEPLOYMENT_TARGET = 11.0;
				MARKETING_VERSION = 4.6.0;
				MTL_ENABLE_DEBUG_INFO = INCLUDE_SOURCE;
				MTL_FAST_MATH = YES;
				ONLY_ACTIVE_ARCH = YES;
				SDKROOT = iphoneos;
				SWIFT_ACTIVE_COMPILATION_CONDITIONS = DEBUG;
				SWIFT_OPTIMIZATION_LEVEL = "-Onone";
			};
			name = Debug;
		};
		3B3FF94023A15E7A00156A59 /* Release */ = {
			isa = XCBuildConfiguration;
			buildSettings = {
				ALWAYS_SEARCH_USER_PATHS = NO;
				CLANG_ANALYZER_NONNULL = YES;
				CLANG_ANALYZER_NUMBER_OBJECT_CONVERSION = YES_AGGRESSIVE;
				CLANG_CXX_LANGUAGE_STANDARD = "gnu++14";
				CLANG_CXX_LIBRARY = "libc++";
				CLANG_ENABLE_MODULES = YES;
				CLANG_ENABLE_OBJC_ARC = YES;
				CLANG_ENABLE_OBJC_WEAK = YES;
				CLANG_WARN_BLOCK_CAPTURE_AUTORELEASING = YES;
				CLANG_WARN_BOOL_CONVERSION = YES;
				CLANG_WARN_COMMA = YES;
				CLANG_WARN_CONSTANT_CONVERSION = YES;
				CLANG_WARN_DEPRECATED_OBJC_IMPLEMENTATIONS = YES;
				CLANG_WARN_DIRECT_OBJC_ISA_USAGE = YES_ERROR;
				CLANG_WARN_DOCUMENTATION_COMMENTS = YES;
				CLANG_WARN_EMPTY_BODY = YES;
				CLANG_WARN_ENUM_CONVERSION = YES;
				CLANG_WARN_INFINITE_RECURSION = YES;
				CLANG_WARN_INT_CONVERSION = YES;
				CLANG_WARN_NON_LITERAL_NULL_CONVERSION = YES;
				CLANG_WARN_OBJC_IMPLICIT_RETAIN_SELF = YES;
				CLANG_WARN_OBJC_LITERAL_CONVERSION = YES;
				CLANG_WARN_OBJC_ROOT_CLASS = YES_ERROR;
				CLANG_WARN_RANGE_LOOP_ANALYSIS = YES;
				CLANG_WARN_STRICT_PROTOTYPES = YES;
				CLANG_WARN_SUSPICIOUS_MOVE = YES;
				CLANG_WARN_UNGUARDED_AVAILABILITY = YES_AGGRESSIVE;
				CLANG_WARN_UNREACHABLE_CODE = YES;
				CLANG_WARN__DUPLICATE_METHOD_MATCH = YES;
				COPY_PHASE_STRIP = NO;
				CURRENT_PROJECT_VERSION = 14;
				DEBUG_INFORMATION_FORMAT = "dwarf-with-dsym";
				ENABLE_NS_ASSERTIONS = NO;
				ENABLE_STRICT_OBJC_MSGSEND = YES;
				GCC_C_LANGUAGE_STANDARD = gnu11;
				GCC_NO_COMMON_BLOCKS = YES;
				GCC_WARN_64_TO_32_BIT_CONVERSION = YES;
				GCC_WARN_ABOUT_RETURN_TYPE = YES_ERROR;
				GCC_WARN_UNDECLARED_SELECTOR = YES;
				GCC_WARN_UNINITIALIZED_AUTOS = YES_AGGRESSIVE;
				GCC_WARN_UNUSED_FUNCTION = YES;
				GCC_WARN_UNUSED_VARIABLE = YES;
				IPHONEOS_DEPLOYMENT_TARGET = 11.0;
				MARKETING_VERSION = 4.6.0;
				MTL_ENABLE_DEBUG_INFO = NO;
				MTL_FAST_MATH = YES;
				SDKROOT = iphoneos;
				SWIFT_COMPILATION_MODE = wholemodule;
				SWIFT_OPTIMIZATION_LEVEL = "-O";
				VALIDATE_PRODUCT = YES;
			};
			name = Release;
		};
		3B3FF94223A15E7A00156A59 /* Debug */ = {
			isa = XCBuildConfiguration;
			baseConfigurationReference = FF4DD71811035F32DE6E594B /* Pods-ID Capture.debug.xcconfig */;
			buildSettings = {
				ASSETCATALOG_COMPILER_APPICON_NAME = AppIcon;
				BLINKID_KEY = "sRwAAAEZY29tLmFwcGxpZWRyZWMuaWQtY2FwdHVyZZpSUB5IbSbnMB1ZBRLky5FiCT0AOLmMhxbx0tNrFTTfMwLJ+T7eBTzXzPuOsy0QkskmYKSy+6n+WahYhCGtofeBKhdMCc5ky7cvdNBS60tRzbNLWDC301LBbuLofg7Kvl02WkBnZrhSpvVZaRwkBKbGQyf+hqePHDOr4KPUIcXwuTMleAiEGfZ7xTy/93AFbvK9u//rSQJt21kA391MpMfx4s+gVlgYfUmLMgBKQXUzc0K5zt/+cQp9qdGkKtIJAw4FYkYzTJYreHS4HA==";
				BLINKID_KEY_URL = "https://ver-id.s3.us-east-1.amazonaws.com/ios/microblink_keys/com.appliedrec.ID-Capture.txt";
				BLINKID_RECOGNIZED_DOCS_URL = "https://github.com/BlinkID/blinkid-ios/blob/master/documentation/BlinkIDRecognizer.md";
				CODE_SIGN_STYLE = Automatic;
				DEVELOPMENT_TEAM = 3DPTJHF24M;
				ENABLE_BITCODE = NO;
				INFOPLIST_FILE = "ID Capture/Info.plist";
				LD_RUNPATH_SEARCH_PATHS = (
					"$(inherited)",
					"@executable_path/Frameworks",
				);
				PRODUCT_BUNDLE_IDENTIFIER = "com.appliedrec.ID-Capture";
				PRODUCT_NAME = "$(TARGET_NAME)";
				SWIFT_VERSION = 5.0;
				TARGETED_DEVICE_FAMILY = "1,2";
				VERID_PASSWORD = "ff9efc4c-6f5e-4799-b4dd-791888df1b36";
				VERSIONING_SYSTEM = "apple-generic";
			};
			name = Debug;
		};
		3B3FF94323A15E7A00156A59 /* Release */ = {
			isa = XCBuildConfiguration;
			baseConfigurationReference = 638E7A67289A680519B46277 /* Pods-ID Capture.release.xcconfig */;
			buildSettings = {
				ASSETCATALOG_COMPILER_APPICON_NAME = AppIcon;
				BLINKID_KEY = "sRwAAAEZY29tLmFwcGxpZWRyZWMuaWQtY2FwdHVyZZpSUB5IbSbnMB1ZBRLky5FiCT0AOLmMhxbx0tNrFTTfMwLJ+T7eBTzXzPuOsy0QkskmYKSy+6n+WahYhCGtofeBKhdMCc5ky7cvdNBS60tRzbNLWDC301LBbuLofg7Kvl02WkBnZrhSpvVZaRwkBKbGQyf+hqePHDOr4KPUIcXwuTMleAiEGfZ7xTy/93AFbvK9u//rSQJt21kA391MpMfx4s+gVlgYfUmLMgBKQXUzc0K5zt/+cQp9qdGkKtIJAw4FYkYzTJYreHS4HA==";
				BLINKID_KEY_URL = "https://ver-id.s3.us-east-1.amazonaws.com/ios/microblink_keys/com.appliedrec.ID-Capture.txt";
				BLINKID_RECOGNIZED_DOCS_URL = "https://github.com/BlinkID/blinkid-ios/blob/master/documentation/BlinkIDRecognizer.md";
				CODE_SIGN_STYLE = Automatic;
				DEVELOPMENT_TEAM = 3DPTJHF24M;
				ENABLE_BITCODE = NO;
				INFOPLIST_FILE = "ID Capture/Info.plist";
				LD_RUNPATH_SEARCH_PATHS = (
					"$(inherited)",
					"@executable_path/Frameworks",
				);
				PRODUCT_BUNDLE_IDENTIFIER = "com.appliedrec.ID-Capture";
				PRODUCT_NAME = "$(TARGET_NAME)";
				SWIFT_VERSION = 5.0;
				TARGETED_DEVICE_FAMILY = "1,2";
				VERID_PASSWORD = "ff9efc4c-6f5e-4799-b4dd-791888df1b36";
				VERSIONING_SYSTEM = "apple-generic";
			};
			name = Release;
		};
		3BB0E574244DAAA400785E47 /* Debug */ = {
			isa = XCBuildConfiguration;
			buildSettings = {
				CODE_SIGN_STYLE = Automatic;
				DEVELOPMENT_TEAM = 3DPTJHF24M;
				INFOPLIST_FILE = "ID Capture UI Tests/Info.plist";
				LD_RUNPATH_SEARCH_PATHS = (
					"$(inherited)",
					"@executable_path/Frameworks",
					"@loader_path/Frameworks",
				);
				PRODUCT_BUNDLE_IDENTIFIER = "com.appliedrec.ID-Capture-UI-Tests";
				PRODUCT_NAME = "$(TARGET_NAME)";
				SWIFT_VERSION = 5.0;
				TARGETED_DEVICE_FAMILY = "1,2";
				TEST_TARGET_NAME = "ID Capture";
			};
			name = Debug;
		};
		3BB0E575244DAAA400785E47 /* Release */ = {
			isa = XCBuildConfiguration;
			buildSettings = {
				CODE_SIGN_STYLE = Automatic;
				DEVELOPMENT_TEAM = 3DPTJHF24M;
				INFOPLIST_FILE = "ID Capture UI Tests/Info.plist";
				LD_RUNPATH_SEARCH_PATHS = (
					"$(inherited)",
					"@executable_path/Frameworks",
					"@loader_path/Frameworks",
				);
				PRODUCT_BUNDLE_IDENTIFIER = "com.appliedrec.ID-Capture-UI-Tests";
				PRODUCT_NAME = "$(TARGET_NAME)";
				SWIFT_VERSION = 5.0;
				TARGETED_DEVICE_FAMILY = "1,2";
				TEST_TARGET_NAME = "ID Capture";
			};
			name = Release;
		};
/* End XCBuildConfiguration section */

/* Begin XCConfigurationList section */
		3B3FF92823A15E7700156A59 /* Build configuration list for PBXProject "ID Capture" */ = {
			isa = XCConfigurationList;
			buildConfigurations = (
				3B3FF93F23A15E7A00156A59 /* Debug */,
				3B3FF94023A15E7A00156A59 /* Release */,
			);
			defaultConfigurationIsVisible = 0;
			defaultConfigurationName = Release;
		};
		3B3FF94123A15E7A00156A59 /* Build configuration list for PBXNativeTarget "ID Capture" */ = {
			isa = XCConfigurationList;
			buildConfigurations = (
				3B3FF94223A15E7A00156A59 /* Debug */,
				3B3FF94323A15E7A00156A59 /* Release */,
			);
			defaultConfigurationIsVisible = 0;
			defaultConfigurationName = Release;
		};
		3BB0E576244DAAA400785E47 /* Build configuration list for PBXNativeTarget "ID Capture UI Tests" */ = {
			isa = XCConfigurationList;
			buildConfigurations = (
				3BB0E574244DAAA400785E47 /* Debug */,
				3BB0E575244DAAA400785E47 /* Release */,
			);
			defaultConfigurationIsVisible = 0;
			defaultConfigurationName = Release;
		};
/* End XCConfigurationList section */

/* Begin XCRemoteSwiftPackageReference section */
		3B360B1123C49AC1007FC1F1 /* XCRemoteSwiftPackageReference "Normal-Distribution-Swift" */ = {
			isa = XCRemoteSwiftPackageReference;
			repositoryURL = "https://github.com/AppliedRecognition/Normal-Distribution-Swift.git";
			requirement = {
				kind = upToNextMajorVersion;
				minimumVersion = 1.1.0;
			};
		};
/* End XCRemoteSwiftPackageReference section */

/* Begin XCSwiftPackageProductDependency section */
		3B360B1223C49AC1007FC1F1 /* NormalDistribution */ = {
			isa = XCSwiftPackageProductDependency;
			package = 3B360B1123C49AC1007FC1F1 /* XCRemoteSwiftPackageReference "Normal-Distribution-Swift" */;
			productName = NormalDistribution;
		};
/* End XCSwiftPackageProductDependency section */
	};
	rootObject = 3B3FF92523A15E7700156A59 /* Project object */;
}
