// !$*UTF8*$!
{
	archiveVersion = 1;
	classes = {
	};
	objectVersion = 56;
	objects = {

/* Begin PBXBuildFile section */
		0E75548CFA2408A83C57F5D4 /* Pods_ID_Capture.framework in Frameworks */ = {isa = PBXBuildFile; fileRef = 9F58773423ED36B0E8BAC36C /* Pods_ID_Capture.framework */; };
		3B0B58372951C74D0004D0AF /* CapturedDocumentExport.swift in Sources */ = {isa = PBXBuildFile; fileRef = 3B0B58362951C74D0004D0AF /* CapturedDocumentExport.swift */; };
		3B2C1B9529E5C24F00D8FFEE /* BlinkID in Frameworks */ = {isa = PBXBuildFile; productRef = 3B2C1B9429E5C24F00D8FFEE /* BlinkID */; };
		3B2C1B9729E5E3BC00D8FFEE /* BarcodeDetector.swift in Sources */ = {isa = PBXBuildFile; fileRef = 3B2C1B9629E5E3BB00D8FFEE /* BarcodeDetector.swift */; };
		3B5D3DF229DD8CD8001BEB3F /* MicroblinkKeyLoader.swift in Sources */ = {isa = PBXBuildFile; fileRef = 3B5D3DF129DD8CD8001BEB3F /* MicroblinkKeyLoader.swift */; };
		3B5D3DF429DDFF3D001BEB3F /* Ver-ID-Models in Resources */ = {isa = PBXBuildFile; fileRef = 3B5D3DF329DDFF3D001BEB3F /* Ver-ID-Models */; };
		3B86C12E294A12170056FB6D /* AuthenticityScoreSupport.swift in Sources */ = {isa = PBXBuildFile; fileRef = 3B86C12D294A12170056FB6D /* AuthenticityScoreSupport.swift */; };
		3B86C130294A15CA0056FB6D /* license01-20210820ay-xiypjic%2200-q08.nv in Resources */ = {isa = PBXBuildFile; fileRef = 3B86C12F294A15CA0056FB6D /* license01-20210820ay-xiypjic%2200-q08.nv */; };
		3B86C13A294B15830056FB6D /* DocumentVerificationClient.xcframework in Frameworks */ = {isa = PBXBuildFile; fileRef = 3B86C139294B15830056FB6D /* DocumentVerificationClient.xcframework */; };
		3B86C13B294B15830056FB6D /* DocumentVerificationClient.xcframework in Embed Frameworks */ = {isa = PBXBuildFile; fileRef = 3B86C139294B15830056FB6D /* DocumentVerificationClient.xcframework */; settings = {ATTRIBUTES = (CodeSignOnCopy, RemoveHeadersOnCopy, ); }; };
		3BB1AEE7293FC5A2007A9AE6 /* ID_CaptureApp.swift in Sources */ = {isa = PBXBuildFile; fileRef = 3BB1AEE6293FC5A2007A9AE6 /* ID_CaptureApp.swift */; };
		3BB1AEE9293FC5A2007A9AE6 /* ContentView.swift in Sources */ = {isa = PBXBuildFile; fileRef = 3BB1AEE8293FC5A2007A9AE6 /* ContentView.swift */; };
		3BB1AEEB293FC5A4007A9AE6 /* Assets.xcassets in Resources */ = {isa = PBXBuildFile; fileRef = 3BB1AEEA293FC5A4007A9AE6 /* Assets.xcassets */; };
		3BB1AEEE293FC5A4007A9AE6 /* Preview Assets.xcassets in Resources */ = {isa = PBXBuildFile; fileRef = 3BB1AEED293FC5A4007A9AE6 /* Preview Assets.xcassets */; };
		3BB1AEF6293FE213007A9AE6 /* Ver-ID identity.p12 in Resources */ = {isa = PBXBuildFile; fileRef = 3BB1AEF5293FE213007A9AE6 /* Ver-ID identity.p12 */; };
		3BB1AEF8293FE64A007A9AE6 /* VerIDSessionRunner.swift in Sources */ = {isa = PBXBuildFile; fileRef = 3BB1AEF7293FE64A007A9AE6 /* VerIDSessionRunner.swift */; };
		3BB1AEFD29409F09007A9AE6 /* IDCardView.swift in Sources */ = {isa = PBXBuildFile; fileRef = 3BB1AEFC29409F09007A9AE6 /* IDCardView.swift */; };
		3BB1AEFF2940A049007A9AE6 /* MicroblinkSessionRunner.swift in Sources */ = {isa = PBXBuildFile; fileRef = 3BB1AEFE2940A049007A9AE6 /* MicroblinkSessionRunner.swift */; };
		3BB1AF012940AB3F007A9AE6 /* CapturedDocument.swift in Sources */ = {isa = PBXBuildFile; fileRef = 3BB1AF002940AB3F007A9AE6 /* CapturedDocument.swift */; };
		3BB1AF082940D732007A9AE6 /* VerIDLoader.swift in Sources */ = {isa = PBXBuildFile; fileRef = 3BB1AF072940D732007A9AE6 /* VerIDLoader.swift */; };
		3BB1AF0A2940DDDB007A9AE6 /* DocumentDetailsView.swift in Sources */ = {isa = PBXBuildFile; fileRef = 3BB1AF092940DDDB007A9AE6 /* DocumentDetailsView.swift */; };
		3BB1AF0C29413BDE007A9AE6 /* FaceComparisonView.swift in Sources */ = {isa = PBXBuildFile; fileRef = 3BB1AF0B29413BDE007A9AE6 /* FaceComparisonView.swift */; };
		3BB1AF0E29413F50007A9AE6 /* FaceComparison.swift in Sources */ = {isa = PBXBuildFile; fileRef = 3BB1AF0D29413F50007A9AE6 /* FaceComparison.swift */; };
		3BB1AF102941EF94007A9AE6 /* DescribedError.swift in Sources */ = {isa = PBXBuildFile; fileRef = 3BB1AF0F2941EF94007A9AE6 /* DescribedError.swift */; };
		3BB1AF1529428B68007A9AE6 /* NormalDistribution in Frameworks */ = {isa = PBXBuildFile; productRef = 3BB1AF1429428B68007A9AE6 /* NormalDistribution */; };
		3BB1AF1E2943700E007A9AE6 /* AppInfoView.swift in Sources */ = {isa = PBXBuildFile; fileRef = 3BB1AF1D2943700E007A9AE6 /* AppInfoView.swift */; };
/* End PBXBuildFile section */

/* Begin PBXCopyFilesBuildPhase section */
		3B86C138294B14DE0056FB6D /* Embed Frameworks */ = {
			isa = PBXCopyFilesBuildPhase;
			buildActionMask = 2147483647;
			dstPath = "";
			dstSubfolderSpec = 10;
			files = (
				3B86C13B294B15830056FB6D /* DocumentVerificationClient.xcframework in Embed Frameworks */,
			);
			name = "Embed Frameworks";
			runOnlyForDeploymentPostprocessing = 0;
		};
/* End PBXCopyFilesBuildPhase section */

/* Begin PBXFileReference section */
		3B0B58362951C74D0004D0AF /* CapturedDocumentExport.swift */ = {isa = PBXFileReference; lastKnownFileType = sourcecode.swift; path = CapturedDocumentExport.swift; sourceTree = "<group>"; };
		3B2C1B9629E5E3BB00D8FFEE /* BarcodeDetector.swift */ = {isa = PBXFileReference; lastKnownFileType = sourcecode.swift; path = BarcodeDetector.swift; sourceTree = "<group>"; };
		3B5D3DF129DD8CD8001BEB3F /* MicroblinkKeyLoader.swift */ = {isa = PBXFileReference; lastKnownFileType = sourcecode.swift; path = MicroblinkKeyLoader.swift; sourceTree = "<group>"; };
		3B5D3DF329DDFF3D001BEB3F /* Ver-ID-Models */ = {isa = PBXFileReference; lastKnownFileType = folder; path = "Ver-ID-Models"; sourceTree = "<group>"; };
		3B86C12D294A12170056FB6D /* AuthenticityScoreSupport.swift */ = {isa = PBXFileReference; lastKnownFileType = sourcecode.swift; path = AuthenticityScoreSupport.swift; sourceTree = "<group>"; };
		3B86C12F294A15CA0056FB6D /* license01-20210820ay-xiypjic%2200-q08.nv */ = {isa = PBXFileReference; lastKnownFileType = file; path = "license01-20210820ay-xiypjic%2200-q08.nv"; sourceTree = "<group>"; };
		3B86C139294B15830056FB6D /* DocumentVerificationClient.xcframework */ = {isa = PBXFileReference; lastKnownFileType = wrapper.xcframework; name = DocumentVerificationClient.xcframework; path = "ID Capture/Frameworks/DocumentVerificationClient.xcframework"; sourceTree = "<group>"; };
		3BB1AEE3293FC5A2007A9AE6 /* ID Capture.app */ = {isa = PBXFileReference; explicitFileType = wrapper.application; includeInIndex = 0; path = "ID Capture.app"; sourceTree = BUILT_PRODUCTS_DIR; };
		3BB1AEE6293FC5A2007A9AE6 /* ID_CaptureApp.swift */ = {isa = PBXFileReference; lastKnownFileType = sourcecode.swift; path = ID_CaptureApp.swift; sourceTree = "<group>"; };
		3BB1AEE8293FC5A2007A9AE6 /* ContentView.swift */ = {isa = PBXFileReference; lastKnownFileType = sourcecode.swift; path = ContentView.swift; sourceTree = "<group>"; };
		3BB1AEEA293FC5A4007A9AE6 /* Assets.xcassets */ = {isa = PBXFileReference; lastKnownFileType = folder.assetcatalog; path = Assets.xcassets; sourceTree = "<group>"; };
		3BB1AEED293FC5A4007A9AE6 /* Preview Assets.xcassets */ = {isa = PBXFileReference; lastKnownFileType = folder.assetcatalog; path = "Preview Assets.xcassets"; sourceTree = "<group>"; };
		3BB1AEF4293FE1D0007A9AE6 /* ID-Capture-Info.plist */ = {isa = PBXFileReference; lastKnownFileType = text.plist; path = "ID-Capture-Info.plist"; sourceTree = SOURCE_ROOT; };
		3BB1AEF5293FE213007A9AE6 /* Ver-ID identity.p12 */ = {isa = PBXFileReference; lastKnownFileType = file; path = "Ver-ID identity.p12"; sourceTree = "<group>"; };
		3BB1AEF7293FE64A007A9AE6 /* VerIDSessionRunner.swift */ = {isa = PBXFileReference; lastKnownFileType = sourcecode.swift; path = VerIDSessionRunner.swift; sourceTree = "<group>"; };
		3BB1AEFC29409F09007A9AE6 /* IDCardView.swift */ = {isa = PBXFileReference; lastKnownFileType = sourcecode.swift; path = IDCardView.swift; sourceTree = "<group>"; };
		3BB1AEFE2940A049007A9AE6 /* MicroblinkSessionRunner.swift */ = {isa = PBXFileReference; lastKnownFileType = sourcecode.swift; path = MicroblinkSessionRunner.swift; sourceTree = "<group>"; };
		3BB1AF002940AB3F007A9AE6 /* CapturedDocument.swift */ = {isa = PBXFileReference; lastKnownFileType = sourcecode.swift; path = CapturedDocument.swift; sourceTree = "<group>"; };
		3BB1AF072940D732007A9AE6 /* VerIDLoader.swift */ = {isa = PBXFileReference; lastKnownFileType = sourcecode.swift; path = VerIDLoader.swift; sourceTree = "<group>"; };
		3BB1AF092940DDDB007A9AE6 /* DocumentDetailsView.swift */ = {isa = PBXFileReference; lastKnownFileType = sourcecode.swift; path = DocumentDetailsView.swift; sourceTree = "<group>"; };
		3BB1AF0B29413BDE007A9AE6 /* FaceComparisonView.swift */ = {isa = PBXFileReference; lastKnownFileType = sourcecode.swift; path = FaceComparisonView.swift; sourceTree = "<group>"; };
		3BB1AF0D29413F50007A9AE6 /* FaceComparison.swift */ = {isa = PBXFileReference; lastKnownFileType = sourcecode.swift; path = FaceComparison.swift; sourceTree = "<group>"; };
		3BB1AF0F2941EF94007A9AE6 /* DescribedError.swift */ = {isa = PBXFileReference; lastKnownFileType = sourcecode.swift; path = DescribedError.swift; sourceTree = "<group>"; };
		3BB1AF1D2943700E007A9AE6 /* AppInfoView.swift */ = {isa = PBXFileReference; lastKnownFileType = sourcecode.swift; path = AppInfoView.swift; sourceTree = "<group>"; };
		65B4DF61797277DD507CAB05 /* Pods-ID Capture.release.xcconfig */ = {isa = PBXFileReference; includeInIndex = 1; lastKnownFileType = text.xcconfig; name = "Pods-ID Capture.release.xcconfig"; path = "Target Support Files/Pods-ID Capture/Pods-ID Capture.release.xcconfig"; sourceTree = "<group>"; };
		9D23FB426CA3734C6C9A71DA /* Pods-ID Capture.debug.xcconfig */ = {isa = PBXFileReference; includeInIndex = 1; lastKnownFileType = text.xcconfig; name = "Pods-ID Capture.debug.xcconfig"; path = "Target Support Files/Pods-ID Capture/Pods-ID Capture.debug.xcconfig"; sourceTree = "<group>"; };
		9F58773423ED36B0E8BAC36C /* Pods_ID_Capture.framework */ = {isa = PBXFileReference; explicitFileType = wrapper.framework; includeInIndex = 0; path = Pods_ID_Capture.framework; sourceTree = BUILT_PRODUCTS_DIR; };
/* End PBXFileReference section */

/* Begin PBXFrameworksBuildPhase section */
		3BB1AEE0293FC5A2007A9AE6 /* Frameworks */ = {
			isa = PBXFrameworksBuildPhase;
			buildActionMask = 2147483647;
			files = (
				3B2C1B9529E5C24F00D8FFEE /* BlinkID in Frameworks */,
				3BB1AF1529428B68007A9AE6 /* NormalDistribution in Frameworks */,
				0E75548CFA2408A83C57F5D4 /* Pods_ID_Capture.framework in Frameworks */,
				3B86C13A294B15830056FB6D /* DocumentVerificationClient.xcframework in Frameworks */,
			);
			runOnlyForDeploymentPostprocessing = 0;
		};
/* End PBXFrameworksBuildPhase section */

/* Begin PBXGroup section */
		10C7E8ABCE5C0D1A24606A9D /* Pods */ = {
			isa = PBXGroup;
			children = (
				9D23FB426CA3734C6C9A71DA /* Pods-ID Capture.debug.xcconfig */,
				65B4DF61797277DD507CAB05 /* Pods-ID Capture.release.xcconfig */,
			);
			path = Pods;
			sourceTree = "<group>";
		};
		3BB1AEDA293FC5A2007A9AE6 = {
			isa = PBXGroup;
			children = (
				3BB1AEE5293FC5A2007A9AE6 /* ID Capture */,
				3BB1AEE4293FC5A2007A9AE6 /* Products */,
				10C7E8ABCE5C0D1A24606A9D /* Pods */,
				F9ADECA016079A5A39051A87 /* Frameworks */,
			);
			sourceTree = "<group>";
		};
		3BB1AEE4293FC5A2007A9AE6 /* Products */ = {
			isa = PBXGroup;
			children = (
				3BB1AEE3293FC5A2007A9AE6 /* ID Capture.app */,
			);
			name = Products;
			sourceTree = "<group>";
		};
		3BB1AEE5293FC5A2007A9AE6 /* ID Capture */ = {
			isa = PBXGroup;
			children = (
				3B5D3DF329DDFF3D001BEB3F /* Ver-ID-Models */,
				3B86C12F294A15CA0056FB6D /* license01-20210820ay-xiypjic%2200-q08.nv */,
				3BB1AF092940DDDB007A9AE6 /* DocumentDetailsView.swift */,
				3BB1AEF7293FE64A007A9AE6 /* VerIDSessionRunner.swift */,
				3BB1AEF5293FE213007A9AE6 /* Ver-ID identity.p12 */,
				3BB1AEF4293FE1D0007A9AE6 /* ID-Capture-Info.plist */,
				3BB1AEE6293FC5A2007A9AE6 /* ID_CaptureApp.swift */,
				3BB1AEE8293FC5A2007A9AE6 /* ContentView.swift */,
				3BB1AF072940D732007A9AE6 /* VerIDLoader.swift */,
				3BB1AEEA293FC5A4007A9AE6 /* Assets.xcassets */,
				3BB1AEEC293FC5A4007A9AE6 /* Preview Content */,
				3BB1AEFC29409F09007A9AE6 /* IDCardView.swift */,
				3BB1AEFE2940A049007A9AE6 /* MicroblinkSessionRunner.swift */,
				3BB1AF002940AB3F007A9AE6 /* CapturedDocument.swift */,
				3BB1AF0B29413BDE007A9AE6 /* FaceComparisonView.swift */,
				3BB1AF0D29413F50007A9AE6 /* FaceComparison.swift */,
				3BB1AF0F2941EF94007A9AE6 /* DescribedError.swift */,
				3BB1AF1D2943700E007A9AE6 /* AppInfoView.swift */,
				3B86C12D294A12170056FB6D /* AuthenticityScoreSupport.swift */,
				3B0B58362951C74D0004D0AF /* CapturedDocumentExport.swift */,
				3B5D3DF129DD8CD8001BEB3F /* MicroblinkKeyLoader.swift */,
				3B2C1B9629E5E3BB00D8FFEE /* BarcodeDetector.swift */,
			);
			path = "ID Capture";
			sourceTree = "<group>";
		};
		3BB1AEEC293FC5A4007A9AE6 /* Preview Content */ = {
			isa = PBXGroup;
			children = (
				3BB1AEED293FC5A4007A9AE6 /* Preview Assets.xcassets */,
			);
			path = "Preview Content";
			sourceTree = "<group>";
		};
		F9ADECA016079A5A39051A87 /* Frameworks */ = {
			isa = PBXGroup;
			children = (
				3B86C139294B15830056FB6D /* DocumentVerificationClient.xcframework */,
				9F58773423ED36B0E8BAC36C /* Pods_ID_Capture.framework */,
			);
			name = Frameworks;
			sourceTree = "<group>";
		};
/* End PBXGroup section */

/* Begin PBXNativeTarget section */
		3BB1AEE2293FC5A2007A9AE6 /* ID Capture */ = {
			isa = PBXNativeTarget;
			buildConfigurationList = 3BB1AEF1293FC5A4007A9AE6 /* Build configuration list for PBXNativeTarget "ID Capture" */;
			buildPhases = (
				22C3A3E9011952ACE2EBC5BC /* [CP] Check Pods Manifest.lock */,
				3BB1AEDF293FC5A2007A9AE6 /* Sources */,
				3BB1AEE0293FC5A2007A9AE6 /* Frameworks */,
				3BB1AEE1293FC5A2007A9AE6 /* Resources */,
				A01366AFE1F5455AA526D2E6 /* [CP] Embed Pods Frameworks */,
				62FE71771EAC1785C2C9597D /* [CP] Copy Pods Resources */,
				3BB1AF062940B90E007A9AE6 /* ShellScript */,
				3B86C138294B14DE0056FB6D /* Embed Frameworks */,
			);
			buildRules = (
			);
			dependencies = (
			);
			name = "ID Capture";
			packageProductDependencies = (
				3BB1AF1429428B68007A9AE6 /* NormalDistribution */,
				3B2C1B9429E5C24F00D8FFEE /* BlinkID */,
			);
			productName = "ID Capture";
			productReference = 3BB1AEE3293FC5A2007A9AE6 /* ID Capture.app */;
			productType = "com.apple.product-type.application";
		};
/* End PBXNativeTarget section */

/* Begin PBXProject section */
		3BB1AEDB293FC5A2007A9AE6 /* Project object */ = {
			isa = PBXProject;
			attributes = {
				BuildIndependentTargetsInParallel = 1;
				LastSwiftUpdateCheck = 1410;
				LastUpgradeCheck = 1410;
				TargetAttributes = {
					3BB1AEE2293FC5A2007A9AE6 = {
						CreatedOnToolsVersion = 14.1;
					};
				};
			};
			buildConfigurationList = 3BB1AEDE293FC5A2007A9AE6 /* Build configuration list for PBXProject "ID Capture" */;
			compatibilityVersion = "Xcode 14.0";
			developmentRegion = en;
			hasScannedForEncodings = 0;
			knownRegions = (
				en,
				Base,
			);
			mainGroup = 3BB1AEDA293FC5A2007A9AE6;
			packageReferences = (
				3BB1AF1329428B68007A9AE6 /* XCRemoteSwiftPackageReference "Normal-Distribution-Swift" */,
				3B2C1B9329E5C24F00D8FFEE /* XCRemoteSwiftPackageReference "blinkid-ios" */,
			);
			productRefGroup = 3BB1AEE4293FC5A2007A9AE6 /* Products */;
			projectDirPath = "";
			projectRoot = "";
			targets = (
				3BB1AEE2293FC5A2007A9AE6 /* ID Capture */,
			);
		};
/* End PBXProject section */

/* Begin PBXResourcesBuildPhase section */
		3BB1AEE1293FC5A2007A9AE6 /* Resources */ = {
			isa = PBXResourcesBuildPhase;
			buildActionMask = 2147483647;
			files = (
				3B86C130294A15CA0056FB6D /* license01-20210820ay-xiypjic%2200-q08.nv in Resources */,
				3BB1AEEE293FC5A4007A9AE6 /* Preview Assets.xcassets in Resources */,
				3BB1AEEB293FC5A4007A9AE6 /* Assets.xcassets in Resources */,
				3B5D3DF429DDFF3D001BEB3F /* Ver-ID-Models in Resources */,
				3BB1AEF6293FE213007A9AE6 /* Ver-ID identity.p12 in Resources */,
			);
			runOnlyForDeploymentPostprocessing = 0;
		};
/* End PBXResourcesBuildPhase section */

/* Begin PBXShellScriptBuildPhase section */
		22C3A3E9011952ACE2EBC5BC /* [CP] Check Pods Manifest.lock */ = {
			isa = PBXShellScriptBuildPhase;
			buildActionMask = 2147483647;
			files = (
			);
			inputFileListPaths = (
			);
			inputPaths = (
				"${PODS_PODFILE_DIR_PATH}/Podfile.lock",
				"${PODS_ROOT}/Manifest.lock",
			);
			name = "[CP] Check Pods Manifest.lock";
			outputFileListPaths = (
			);
			outputPaths = (
				"$(DERIVED_FILE_DIR)/Pods-ID Capture-checkManifestLockResult.txt",
			);
			runOnlyForDeploymentPostprocessing = 0;
			shellPath = /bin/sh;
			shellScript = "diff \"${PODS_PODFILE_DIR_PATH}/Podfile.lock\" \"${PODS_ROOT}/Manifest.lock\" > /dev/null\nif [ $? != 0 ] ; then\n    # print error to STDERR\n    echo \"error: The sandbox is not in sync with the Podfile.lock. Run 'pod install' or update your CocoaPods installation.\" >&2\n    exit 1\nfi\n# This output is used by Xcode 'outputs' to avoid re-running this script phase.\necho \"SUCCESS\" > \"${SCRIPT_OUTPUT_FILE_0}\"\n";
			showEnvVarsInLog = 0;
		};
		3BB1AF062940B90E007A9AE6 /* ShellScript */ = {
			isa = PBXShellScriptBuildPhase;
			buildActionMask = 2147483647;
			files = (
			);
			inputFileListPaths = (
			);
			inputPaths = (
			);
			outputFileListPaths = (
			);
			outputPaths = (
			);
			runOnlyForDeploymentPostprocessing = 0;
			shellPath = /bin/sh;
			shellScript = "# Type a script or drag a script file from your workspace to insert its path.\nfind \"${CODESIGNING_FOLDER_PATH}\" -name '*.framework' -print0 | while read -d $'\\0' framework \ndo \n    codesign --force --deep --sign \"${EXPANDED_CODE_SIGN_IDENTITY}\" --preserve-metadata=identifier,entitlements --timestamp=none \"${framework}\" \ndone\n";
		};
		62FE71771EAC1785C2C9597D /* [CP] Copy Pods Resources */ = {
			isa = PBXShellScriptBuildPhase;
			buildActionMask = 2147483647;
			files = (
			);
			inputFileListPaths = (
				"${PODS_ROOT}/Target Support Files/Pods-ID Capture/Pods-ID Capture-resources-${CONFIGURATION}-input-files.xcfilelist",
			);
			name = "[CP] Copy Pods Resources";
			outputFileListPaths = (
				"${PODS_ROOT}/Target Support Files/Pods-ID Capture/Pods-ID Capture-resources-${CONFIGURATION}-output-files.xcfilelist",
			);
			runOnlyForDeploymentPostprocessing = 0;
			shellPath = /bin/sh;
			shellScript = "\"${PODS_ROOT}/Target Support Files/Pods-ID Capture/Pods-ID Capture-resources.sh\"\n";
			showEnvVarsInLog = 0;
		};
		A01366AFE1F5455AA526D2E6 /* [CP] Embed Pods Frameworks */ = {
			isa = PBXShellScriptBuildPhase;
			buildActionMask = 2147483647;
			files = (
			);
			inputFileListPaths = (
				"${PODS_ROOT}/Target Support Files/Pods-ID Capture/Pods-ID Capture-frameworks-${CONFIGURATION}-input-files.xcfilelist",
			);
			name = "[CP] Embed Pods Frameworks";
			outputFileListPaths = (
				"${PODS_ROOT}/Target Support Files/Pods-ID Capture/Pods-ID Capture-frameworks-${CONFIGURATION}-output-files.xcfilelist",
			);
			runOnlyForDeploymentPostprocessing = 0;
			shellPath = /bin/sh;
			shellScript = "\"${PODS_ROOT}/Target Support Files/Pods-ID Capture/Pods-ID Capture-frameworks.sh\"\n";
			showEnvVarsInLog = 0;
		};
/* End PBXShellScriptBuildPhase section */

/* Begin PBXSourcesBuildPhase section */
		3BB1AEDF293FC5A2007A9AE6 /* Sources */ = {
			isa = PBXSourcesBuildPhase;
			buildActionMask = 2147483647;
			files = (
				3BB1AF102941EF94007A9AE6 /* DescribedError.swift in Sources */,
				3B86C12E294A12170056FB6D /* AuthenticityScoreSupport.swift in Sources */,
				3BB1AF012940AB3F007A9AE6 /* CapturedDocument.swift in Sources */,
				3B5D3DF229DD8CD8001BEB3F /* MicroblinkKeyLoader.swift in Sources */,
				3BB1AEE9293FC5A2007A9AE6 /* ContentView.swift in Sources */,
				3BB1AEFD29409F09007A9AE6 /* IDCardView.swift in Sources */,
				3BB1AF082940D732007A9AE6 /* VerIDLoader.swift in Sources */,
				3B0B58372951C74D0004D0AF /* CapturedDocumentExport.swift in Sources */,
				3BB1AF0A2940DDDB007A9AE6 /* DocumentDetailsView.swift in Sources */,
				3BB1AF0C29413BDE007A9AE6 /* FaceComparisonView.swift in Sources */,
				3B2C1B9729E5E3BC00D8FFEE /* BarcodeDetector.swift in Sources */,
				3BB1AEE7293FC5A2007A9AE6 /* ID_CaptureApp.swift in Sources */,
				3BB1AEF8293FE64A007A9AE6 /* VerIDSessionRunner.swift in Sources */,
				3BB1AF1E2943700E007A9AE6 /* AppInfoView.swift in Sources */,
				3BB1AEFF2940A049007A9AE6 /* MicroblinkSessionRunner.swift in Sources */,
				3BB1AF0E29413F50007A9AE6 /* FaceComparison.swift in Sources */,
			);
			runOnlyForDeploymentPostprocessing = 0;
		};
/* End PBXSourcesBuildPhase section */

/* Begin XCBuildConfiguration section */
		3BB1AEEF293FC5A4007A9AE6 /* Debug */ = {
			isa = XCBuildConfiguration;
			buildSettings = {
				ALWAYS_SEARCH_USER_PATHS = NO;
				CLANG_ANALYZER_NONNULL = YES;
				CLANG_ANALYZER_NUMBER_OBJECT_CONVERSION = YES_AGGRESSIVE;
				CLANG_CXX_LANGUAGE_STANDARD = "gnu++20";
				CLANG_ENABLE_MODULES = YES;
				CLANG_ENABLE_OBJC_ARC = YES;
				CLANG_ENABLE_OBJC_WEAK = YES;
				CLANG_WARN_BLOCK_CAPTURE_AUTORELEASING = YES;
				CLANG_WARN_BOOL_CONVERSION = YES;
				CLANG_WARN_COMMA = YES;
				CLANG_WARN_CONSTANT_CONVERSION = YES;
				CLANG_WARN_DEPRECATED_OBJC_IMPLEMENTATIONS = YES;
				CLANG_WARN_DIRECT_OBJC_ISA_USAGE = YES_ERROR;
				CLANG_WARN_DOCUMENTATION_COMMENTS = YES;
				CLANG_WARN_EMPTY_BODY = YES;
				CLANG_WARN_ENUM_CONVERSION = YES;
				CLANG_WARN_INFINITE_RECURSION = YES;
				CLANG_WARN_INT_CONVERSION = YES;
				CLANG_WARN_NON_LITERAL_NULL_CONVERSION = YES;
				CLANG_WARN_OBJC_IMPLICIT_RETAIN_SELF = YES;
				CLANG_WARN_OBJC_LITERAL_CONVERSION = YES;
				CLANG_WARN_OBJC_ROOT_CLASS = YES_ERROR;
				CLANG_WARN_QUOTED_INCLUDE_IN_FRAMEWORK_HEADER = YES;
				CLANG_WARN_RANGE_LOOP_ANALYSIS = YES;
				CLANG_WARN_STRICT_PROTOTYPES = YES;
				CLANG_WARN_SUSPICIOUS_MOVE = YES;
				CLANG_WARN_UNGUARDED_AVAILABILITY = YES_AGGRESSIVE;
				CLANG_WARN_UNREACHABLE_CODE = YES;
				CLANG_WARN__DUPLICATE_METHOD_MATCH = YES;
				COPY_PHASE_STRIP = NO;
				CURRENT_PROJECT_VERSION = 5000000;
				DEBUG_INFORMATION_FORMAT = dwarf;
				ENABLE_STRICT_OBJC_MSGSEND = YES;
				ENABLE_TESTABILITY = YES;
				GCC_C_LANGUAGE_STANDARD = gnu11;
				GCC_DYNAMIC_NO_PIC = NO;
				GCC_NO_COMMON_BLOCKS = YES;
				GCC_OPTIMIZATION_LEVEL = 0;
				GCC_PREPROCESSOR_DEFINITIONS = (
					"DEBUG=1",
					"$(inherited)",
				);
				GCC_WARN_64_TO_32_BIT_CONVERSION = YES;
				GCC_WARN_ABOUT_RETURN_TYPE = YES_ERROR;
				GCC_WARN_UNDECLARED_SELECTOR = YES;
				GCC_WARN_UNINITIALIZED_AUTOS = YES_AGGRESSIVE;
				GCC_WARN_UNUSED_FUNCTION = YES;
				GCC_WARN_UNUSED_VARIABLE = YES;
				IPHONEOS_DEPLOYMENT_TARGET = 15.0;
				MARKETING_VERSION = 5.0.0;
				MTL_ENABLE_DEBUG_INFO = INCLUDE_SOURCE;
				MTL_FAST_MATH = YES;
				ONLY_ACTIVE_ARCH = YES;
				SDKROOT = iphoneos;
				SWIFT_ACTIVE_COMPILATION_CONDITIONS = DEBUG;
				SWIFT_OPTIMIZATION_LEVEL = "-Onone";
			};
			name = Debug;
		};
		3BB1AEF0293FC5A4007A9AE6 /* Release */ = {
			isa = XCBuildConfiguration;
			buildSettings = {
				ALWAYS_SEARCH_USER_PATHS = NO;
				CLANG_ANALYZER_NONNULL = YES;
				CLANG_ANALYZER_NUMBER_OBJECT_CONVERSION = YES_AGGRESSIVE;
				CLANG_CXX_LANGUAGE_STANDARD = "gnu++20";
				CLANG_ENABLE_MODULES = YES;
				CLANG_ENABLE_OBJC_ARC = YES;
				CLANG_ENABLE_OBJC_WEAK = YES;
				CLANG_WARN_BLOCK_CAPTURE_AUTORELEASING = YES;
				CLANG_WARN_BOOL_CONVERSION = YES;
				CLANG_WARN_COMMA = YES;
				CLANG_WARN_CONSTANT_CONVERSION = YES;
				CLANG_WARN_DEPRECATED_OBJC_IMPLEMENTATIONS = YES;
				CLANG_WARN_DIRECT_OBJC_ISA_USAGE = YES_ERROR;
				CLANG_WARN_DOCUMENTATION_COMMENTS = YES;
				CLANG_WARN_EMPTY_BODY = YES;
				CLANG_WARN_ENUM_CONVERSION = YES;
				CLANG_WARN_INFINITE_RECURSION = YES;
				CLANG_WARN_INT_CONVERSION = YES;
				CLANG_WARN_NON_LITERAL_NULL_CONVERSION = YES;
				CLANG_WARN_OBJC_IMPLICIT_RETAIN_SELF = YES;
				CLANG_WARN_OBJC_LITERAL_CONVERSION = YES;
				CLANG_WARN_OBJC_ROOT_CLASS = YES_ERROR;
				CLANG_WARN_QUOTED_INCLUDE_IN_FRAMEWORK_HEADER = YES;
				CLANG_WARN_RANGE_LOOP_ANALYSIS = YES;
				CLANG_WARN_STRICT_PROTOTYPES = YES;
				CLANG_WARN_SUSPICIOUS_MOVE = YES;
				CLANG_WARN_UNGUARDED_AVAILABILITY = YES_AGGRESSIVE;
				CLANG_WARN_UNREACHABLE_CODE = YES;
				CLANG_WARN__DUPLICATE_METHOD_MATCH = YES;
				COPY_PHASE_STRIP = NO;
				CURRENT_PROJECT_VERSION = 5000000;
				DEBUG_INFORMATION_FORMAT = "dwarf-with-dsym";
				ENABLE_NS_ASSERTIONS = NO;
				ENABLE_STRICT_OBJC_MSGSEND = YES;
				GCC_C_LANGUAGE_STANDARD = gnu11;
				GCC_NO_COMMON_BLOCKS = YES;
				GCC_WARN_64_TO_32_BIT_CONVERSION = YES;
				GCC_WARN_ABOUT_RETURN_TYPE = YES_ERROR;
				GCC_WARN_UNDECLARED_SELECTOR = YES;
				GCC_WARN_UNINITIALIZED_AUTOS = YES_AGGRESSIVE;
				GCC_WARN_UNUSED_FUNCTION = YES;
				GCC_WARN_UNUSED_VARIABLE = YES;
				IPHONEOS_DEPLOYMENT_TARGET = 15.0;
				MARKETING_VERSION = 5.0.0;
				MTL_ENABLE_DEBUG_INFO = NO;
				MTL_FAST_MATH = YES;
				SDKROOT = iphoneos;
				SWIFT_COMPILATION_MODE = wholemodule;
				SWIFT_OPTIMIZATION_LEVEL = "-O";
				VALIDATE_PRODUCT = YES;
			};
			name = Release;
		};
		3BB1AEF2293FC5A4007A9AE6 /* Debug */ = {
			isa = XCBuildConfiguration;
			baseConfigurationReference = 9D23FB426CA3734C6C9A71DA /* Pods-ID Capture.debug.xcconfig */;
			buildSettings = {
				ASSETCATALOG_COMPILER_APPICON_NAME = AppIcon;
				ASSETCATALOG_COMPILER_GLOBAL_ACCENT_COLOR_NAME = AccentColor;
				BUILD_LIBRARY_FOR_DISTRIBUTION = YES;
				CODE_SIGN_STYLE = Automatic;
				CURRENT_PROJECT_VERSION = 5001000;
				DEVELOPMENT_ASSET_PATHS = "\"ID Capture/Preview Content\"";
				DEVELOPMENT_TEAM = CSD8L9EK66;
				ENABLE_PREVIEWS = YES;
				GENERATE_INFOPLIST_FILE = YES;
				INFOPLIST_FILE = "ID-Capture-Info.plist";
				INFOPLIST_KEY_NSCameraUsageDescription = "To capture faces and ID cards";
				INFOPLIST_KEY_UIApplicationSceneManifest_Generation = YES;
				INFOPLIST_KEY_UIApplicationSupportsIndirectInputEvents = YES;
				INFOPLIST_KEY_UILaunchScreen_Generation = YES;
				INFOPLIST_KEY_UISupportedInterfaceOrientations_iPad = "UIInterfaceOrientationPortrait UIInterfaceOrientationPortraitUpsideDown UIInterfaceOrientationLandscapeLeft UIInterfaceOrientationLandscapeRight";
				INFOPLIST_KEY_UISupportedInterfaceOrientations_iPhone = "UIInterfaceOrientationPortrait UIInterfaceOrientationLandscapeLeft UIInterfaceOrientationLandscapeRight";
				LD_RUNPATH_SEARCH_PATHS = (
					"$(inherited)",
					"@executable_path/Frameworks",
				);
				MARKETING_VERSION = 5.1.0;
				PRODUCT_BUNDLE_IDENTIFIER = com.appliedrec.idcapture;
				PRODUCT_NAME = "$(TARGET_NAME)";
				SWIFT_EMIT_LOC_STRINGS = YES;
				SWIFT_VERSION = 5.0;
				TARGETED_DEVICE_FAMILY = "1,2";
			};
			name = Debug;
		};
		3BB1AEF3293FC5A4007A9AE6 /* Release */ = {
			isa = XCBuildConfiguration;
			baseConfigurationReference = 65B4DF61797277DD507CAB05 /* Pods-ID Capture.release.xcconfig */;
			buildSettings = {
				ASSETCATALOG_COMPILER_APPICON_NAME = AppIcon;
				ASSETCATALOG_COMPILER_GLOBAL_ACCENT_COLOR_NAME = AccentColor;
				BUILD_LIBRARY_FOR_DISTRIBUTION = YES;
				CODE_SIGN_STYLE = Automatic;
				CURRENT_PROJECT_VERSION = 5001000;
				DEVELOPMENT_ASSET_PATHS = "\"ID Capture/Preview Content\"";
				DEVELOPMENT_TEAM = CSD8L9EK66;
				ENABLE_PREVIEWS = YES;
				GENERATE_INFOPLIST_FILE = YES;
				INFOPLIST_FILE = "ID-Capture-Info.plist";
				INFOPLIST_KEY_NSCameraUsageDescription = "To capture faces and ID cards";
				INFOPLIST_KEY_UIApplicationSceneManifest_Generation = YES;
				INFOPLIST_KEY_UIApplicationSupportsIndirectInputEvents = YES;
				INFOPLIST_KEY_UILaunchScreen_Generation = YES;
				INFOPLIST_KEY_UISupportedInterfaceOrientations_iPad = "UIInterfaceOrientationPortrait UIInterfaceOrientationPortraitUpsideDown UIInterfaceOrientationLandscapeLeft UIInterfaceOrientationLandscapeRight";
				INFOPLIST_KEY_UISupportedInterfaceOrientations_iPhone = "UIInterfaceOrientationPortrait UIInterfaceOrientationLandscapeLeft UIInterfaceOrientationLandscapeRight";
				LD_RUNPATH_SEARCH_PATHS = (
					"$(inherited)",
					"@executable_path/Frameworks",
				);
				MARKETING_VERSION = 5.1.0;
				PRODUCT_BUNDLE_IDENTIFIER = com.appliedrec.idcapture;
				PRODUCT_NAME = "$(TARGET_NAME)";
				SWIFT_EMIT_LOC_STRINGS = YES;
				SWIFT_VERSION = 5.0;
				TARGETED_DEVICE_FAMILY = "1,2";
			};
			name = Release;
		};
/* End XCBuildConfiguration section */

/* Begin XCConfigurationList section */
		3BB1AEDE293FC5A2007A9AE6 /* Build configuration list for PBXProject "ID Capture" */ = {
			isa = XCConfigurationList;
			buildConfigurations = (
				3BB1AEEF293FC5A4007A9AE6 /* Debug */,
				3BB1AEF0293FC5A4007A9AE6 /* Release */,
			);
			defaultConfigurationIsVisible = 0;
			defaultConfigurationName = Release;
		};
		3BB1AEF1293FC5A4007A9AE6 /* Build configuration list for PBXNativeTarget "ID Capture" */ = {
			isa = XCConfigurationList;
			buildConfigurations = (
				3BB1AEF2293FC5A4007A9AE6 /* Debug */,
				3BB1AEF3293FC5A4007A9AE6 /* Release */,
			);
			defaultConfigurationIsVisible = 0;
			defaultConfigurationName = Release;
		};
/* End XCConfigurationList section */

/* Begin XCRemoteSwiftPackageReference section */
		3B2C1B9329E5C24F00D8FFEE /* XCRemoteSwiftPackageReference "blinkid-ios" */ = {
			isa = XCRemoteSwiftPackageReference;
			repositoryURL = "https://github.com/BlinkID/blinkid-ios";
			requirement = {
				kind = upToNextMajorVersion;
				minimumVersion = 6.1.2;
			};
		};
		3BB1AF1329428B68007A9AE6 /* XCRemoteSwiftPackageReference "Normal-Distribution-Swift" */ = {
			isa = XCRemoteSwiftPackageReference;
			repositoryURL = "https://github.com/AppliedRecognition/Normal-Distribution-Swift";
			requirement = {
				kind = upToNextMajorVersion;
				minimumVersion = 1.1.0;
			};
		};
/* End XCRemoteSwiftPackageReference section */

/* Begin XCSwiftPackageProductDependency section */
		3B2C1B9429E5C24F00D8FFEE /* BlinkID */ = {
			isa = XCSwiftPackageProductDependency;
			package = 3B2C1B9329E5C24F00D8FFEE /* XCRemoteSwiftPackageReference "blinkid-ios" */;
			productName = BlinkID;
		};
		3BB1AF1429428B68007A9AE6 /* NormalDistribution */ = {
			isa = XCSwiftPackageProductDependency;
			package = 3BB1AF1329428B68007A9AE6 /* XCRemoteSwiftPackageReference "Normal-Distribution-Swift" */;
			productName = NormalDistribution;
		};
/* End XCSwiftPackageProductDependency section */
	};
	rootObject = 3BB1AEDB293FC5A2007A9AE6 /* Project object */;
}
