PODS:
  - Ver-ID-Core (1.0.5)
  - Ver-ID-Credentials (3.0.0-beta.7):
    - Ver-ID-Core (~> 1.0)
  - Ver-ID-UI (1.0.5):
    - Ver-ID-Core (= 1.0.5)

DEPENDENCIES:
  - Ver-ID-Credentials (= 3.0.0-beta.7)
  - Ver-ID-UI (~> 1.0)

SPEC REPOS:
  https://github.com/cocoapods/specs.git:
    - Ver-ID-Core
    - Ver-ID-Credentials
    - Ver-ID-UI

SPEC CHECKSUMS:
  Ver-ID-Core: 224760d389d0a045faf3f91412f67b0b3ff7807f
  Ver-ID-Credentials: 25eb926c12bb005b550b5c9671afe3d34e4d1a43
  Ver-ID-UI: 93ccdbf2d0777df38c101e56a67f539b6be0a107

PODFILE CHECKSUM: 65ecec54274888af3d1b2d8647def59c6af9389c

COCOAPODS: 1.5.2
