PODS:
  - Ver-ID (3.4.4):
    - ZIPFoundation (~> 0.9)
  - Ver-ID-Credentials (2.1.6):
    - Ver-ID (= 3.4.4)
  - ZIPFoundation (0.9.6)

DEPENDENCIES:
  - Ver-ID-Credentials (~> 2.1)

SPEC REPOS:
  https://github.com/cocoapods/specs.git:
    - Ver-ID
    - Ver-ID-Credentials
    - ZIPFoundation

SPEC CHECKSUMS:
  Ver-ID: a7a125815f07b2ba053b534e40cd2fcbb7aeac91
  Ver-ID-Credentials: 40916ff201a0f32c2006d8ce7e566e29fb29ffe9
  ZIPFoundation: 68c35eb2637c21abe56dc60b3277636443bc1501

PODFILE CHECKSUM: cbec21466a39161fbfcaa11d71075e84d68ddd5d

COCOAPODS: 1.5.2
