PODS:
  - Ver-ID-Core (1.9.0)
  - Ver-ID-Credentials-Beta (3.0.2):
    - Ver-ID-Core (~> 1.1)
  - Ver-ID-UI (1.9.0):
    - Ver-ID-Core (~> 1.9.0)

DEPENDENCIES:
  - Ver-ID-Credentials-Beta (= 3.0.2)
  - Ver-ID-UI (~> 1.9)

SPEC REPOS:
  trunk:
    - Ver-ID-Core
    - Ver-ID-Credentials-Beta
    - Ver-ID-UI

SPEC CHECKSUMS:
  Ver-ID-Core: 67f0c1197fc602c04df9eea9f97dc69374d4744d
  Ver-ID-Credentials-Beta: 6b2e8313b3dd0196d57580467ed681bb1553412d
  Ver-ID-UI: 781bb0a9181afec53726f4796d3a8f77478d2337

PODFILE CHECKSUM: 9ef6f0070df0ea1274b1862b0a01f07db11d1155

COCOAPODS: 1.8.4
